// !$*UTF8*$!
{
	archiveVersion = 1;
	classes = {
	};
	objectVersion = 56;
	objects = {

/* Begin PBXBuildFile section */
		2230CF1E2DED974D004B3423 /* GoogleService-Info.plist in Resources */ = {isa = PBXBuildFile; fileRef = 2230CF1D2DED974D004B3423 /* GoogleService-Info.plist */; };
		223E6A232DF6FF7400354ED4 /* SearchViewModel.swift in Sources */ = {isa = PBXBuildFile; fileRef = 223E6A222DF6FF7400354ED4 /* SearchViewModel.swift */; };
		223E6A262DF7008000354ED4 /* SearchScreen.swift in Sources */ = {isa = PBXBuildFile; fileRef = 223E6A252DF7008000354ED4 /* SearchScreen.swift */; };
		223E6A282DF703B900354ED4 /* SearchItemView.swift in Sources */ = {isa = PBXBuildFile; fileRef = 223E6A272DF703B900354ED4 /* SearchItemView.swift */; };
		224A2E422DECD2AD00233331 /* AuthViewModel.swift in Sources */ = {isa = PBXBuildFile; fileRef = 224A2E412DECD2AD00233331 /* AuthViewModel.swift */; };
		224A2E442DECD77200233331 /* FirebaseAuthService.swift in Sources */ = {isa = PBXBuildFile; fileRef = 224A2E432DECD77200233331 /* FirebaseAuthService.swift */; };
		226D01F72DE6F53300D8DF0F /* PasswordTextField.swift in Sources */ = {isa = PBXBuildFile; fileRef = 226D01F62DE6F53300D8DF0F /* PasswordTextField.swift */; };
		226E83212DE7794200AF1FF3 /* SignupScreen.swift in Sources */ = {isa = PBXBuildFile; fileRef = 226E83202DE7794200AF1FF3 /* SignupScreen.swift */; };
		226E83262DE799A800AF1FF3 /* RegisterVerificationScreen.swift in Sources */ = {isa = PBXBuildFile; fileRef = 226E83252DE799A800AF1FF3 /* RegisterVerificationScreen.swift */; };
		227C3BB12DE5E6D3006B0E52 /* NetworkService.swift in Sources */ = {isa = PBXBuildFile; fileRef = 227C3BB02DE5E6D3006B0E52 /* NetworkService.swift */; };
		227C3BC22DE5E9A1006B0E52 /* SingleProductResponse.swift in Sources */ = {isa = PBXBuildFile; fileRef = 227C3BC12DE5E9A1006B0E52 /* SingleProductResponse.swift */; };
		227C3BC52DE5F3AD006B0E52 /* ProductDetailsViewModel.swift in Sources */ = {isa = PBXBuildFile; fileRef = 227C3BC42DE5F3AD006B0E52 /* ProductDetailsViewModel.swift */; };
		227C3BC72DE60518006B0E52 /* VariantsResponse.swift in Sources */ = {isa = PBXBuildFile; fileRef = 227C3BC62DE60518006B0E52 /* VariantsResponse.swift */; };
		228A2CE32DF6201900F138A3 /* GetAllProductsService.swift in Sources */ = {isa = PBXBuildFile; fileRef = 228A2CE22DF6201900F138A3 /* GetAllProductsService.swift */; };
		228A2CE52DF6216600F138A3 /* AllProductResponse.swift in Sources */ = {isa = PBXBuildFile; fileRef = 228A2CE42DF6216600F138A3 /* AllProductResponse.swift */; };
		229EFA6E2DE35A0C006F0D77 /* E_commerceApp.swift in Sources */ = {isa = PBXBuildFile; fileRef = 229EFA6D2DE35A0C006F0D77 /* E_commerceApp.swift */; };
		229EFA702DE35A0C006F0D77 /* ContentView.swift in Sources */ = {isa = PBXBuildFile; fileRef = 229EFA6F2DE35A0C006F0D77 /* ContentView.swift */; };
		229EFA722DE35A0F006F0D77 /* Assets.xcassets in Resources */ = {isa = PBXBuildFile; fileRef = 229EFA712DE35A0F006F0D77 /* Assets.xcassets */; };
		229EFA752DE35A0F006F0D77 /* Preview Assets.xcassets in Resources */ = {isa = PBXBuildFile; fileRef = 229EFA742DE35A0F006F0D77 /* Preview Assets.xcassets */; };
		229EFA7F2DE35A0F006F0D77 /* E_commerceTests.swift in Sources */ = {isa = PBXBuildFile; fileRef = 229EFA7E2DE35A0F006F0D77 /* E_commerceTests.swift */; };
		229EFA892DE35A10006F0D77 /* E_commerceUITests.swift in Sources */ = {isa = PBXBuildFile; fileRef = 229EFA882DE35A10006F0D77 /* E_commerceUITests.swift */; };
		229EFA8B2DE35A10006F0D77 /* E_commerceUITestsLaunchTests.swift in Sources */ = {isa = PBXBuildFile; fileRef = 229EFA8A2DE35A10006F0D77 /* E_commerceUITestsLaunchTests.swift */; };
		22E81D292DE6523600CE941C /* LoginScreen.swift in Sources */ = {isa = PBXBuildFile; fileRef = 22E81D282DE6523600CE941C /* LoginScreen.swift */; };
		22FB96572DE7032C00BF0DA6 /* EmailTextField.swift in Sources */ = {isa = PBXBuildFile; fileRef = 22FB96562DE7032C00BF0DA6 /* EmailTextField.swift */; };
		22FB96592DE7264800BF0DA6 /* GoogleButton.swift in Sources */ = {isa = PBXBuildFile; fileRef = 22FB96582DE7264800BF0DA6 /* GoogleButton.swift */; };
		22FC15B82DF0CFCD000FD95C /* FavoritesModel.xcdatamodeld in Sources */ = {isa = PBXBuildFile; fileRef = 22FC15B62DF0CFCD000FD95C /* FavoritesModel.xcdatamodeld */; };
		22FC15BB2DF0D063000FD95C /* CoreDataManager.swift in Sources */ = {isa = PBXBuildFile; fileRef = 22FC15BA2DF0D063000FD95C /* CoreDataManager.swift */; };
		22FC15BD2DF0D094000FD95C /* FavoriteProductModel.swift in Sources */ = {isa = PBXBuildFile; fileRef = 22FC15BC2DF0D094000FD95C /* FavoriteProductModel.swift */; };
		22FC15BF2DF0D0B4000FD95C /* FavoriteManager.swift in Sources */ = {isa = PBXBuildFile; fileRef = 22FC15BE2DF0D0B4000FD95C /* FavoriteManager.swift */; };
		22FC15C62DF0D4A1000FD95C /* FavoritesModel+CoreDataClass.swift in Sources */ = {isa = PBXBuildFile; fileRef = 22FC15C42DF0D4A1000FD95C /* FavoritesModel+CoreDataClass.swift */; };
		22FC15C72DF0D4A1000FD95C /* FavoritesModel+CoreDataProperties.swift in Sources */ = {isa = PBXBuildFile; fileRef = 22FC15C52DF0D4A1000FD95C /* FavoritesModel+CoreDataProperties.swift */; };
		22FC15C92DF0F585000FD95C /* FavoritesViewModel.swift in Sources */ = {isa = PBXBuildFile; fileRef = 22FC15C82DF0F585000FD95C /* FavoritesViewModel.swift */; };
		22FC15CB2DF0F632000FD95C /* FavoriteItemView.swift in Sources */ = {isa = PBXBuildFile; fileRef = 22FC15CA2DF0F632000FD95C /* FavoriteItemView.swift */; };
		22FC15D12DF0F72F000FD95C /* NetworkMonitor.swift in Sources */ = {isa = PBXBuildFile; fileRef = 22FC15D02DF0F72F000FD95C /* NetworkMonitor.swift */; };
		E11F26922DEE39930063716E /* SettingsView.swift in Sources */ = {isa = PBXBuildFile; fileRef = E11F26912DEE39930063716E /* SettingsView.swift */; };
		E11F26942DEE3D060063716E /* SettingsViewModel.swift in Sources */ = {isa = PBXBuildFile; fileRef = E11F26932DEE3D060063716E /* SettingsViewModel.swift */; };
		E13937C32DF968B5004983BB /* PaypalModels.swift in Sources */ = {isa = PBXBuildFile; fileRef = E13937C22DF968B5004983BB /* PaypalModels.swift */; };
		E13937C52DF968F5004983BB /* PaypalService.swift in Sources */ = {isa = PBXBuildFile; fileRef = E13937C42DF968F5004983BB /* PaypalService.swift */; };
		E13937C72DF969D1004983BB /* PayPalWebViewController.swift in Sources */ = {isa = PBXBuildFile; fileRef = E13937C62DF969D1004983BB /* PayPalWebViewController.swift */; };
		E13937C92DF96BAD004983BB /* PayPalCoordinator.swift in Sources */ = {isa = PBXBuildFile; fileRef = E13937C82DF96BAD004983BB /* PayPalCoordinator.swift */; };
		E13937CB2DF96BDD004983BB /* PayPalPaymentResult.swift in Sources */ = {isa = PBXBuildFile; fileRef = E13937CA2DF96BDD004983BB /* PayPalPaymentResult.swift */; };
		E159DF192DF9E6DE0048DDEB /* FirebaseAuth in Frameworks */ = {isa = PBXBuildFile; productRef = E159DF182DF9E6DE0048DDEB /* FirebaseAuth */; };
		E159DF1B2DF9E6E30048DDEB /* FirebaseCore in Frameworks */ = {isa = PBXBuildFile; productRef = E159DF1A2DF9E6E30048DDEB /* FirebaseCore */; };
		E159DF1D2DF9E6EC0048DDEB /* Kingfisher in Frameworks */ = {isa = PBXBuildFile; productRef = E159DF1C2DF9E6EC0048DDEB /* Kingfisher */; };
		E159DF1F2DF9E6F30048DDEB /* PayPalCheckout in Frameworks */ = {isa = PBXBuildFile; productRef = E159DF1E2DF9E6F30048DDEB /* PayPalCheckout */; };
		E159DF212DF9E6F80048DDEB /* PayPalWebPayments in Frameworks */ = {isa = PBXBuildFile; productRef = E159DF202DF9E6F80048DDEB /* PayPalWebPayments */; };
		E159DF232DF9E7360048DDEB /* Alamofire in Frameworks */ = {isa = PBXBuildFile; productRef = E159DF222DF9E7360048DDEB /* Alamofire */; };
		E159DF252DF9E73E0048DDEB /* Reachability in Frameworks */ = {isa = PBXBuildFile; productRef = E159DF242DF9E73E0048DDEB /* Reachability */; };
		E15A59262DEF4EC600FB39E5 /* UserModel.swift in Sources */ = {isa = PBXBuildFile; fileRef = E15A59252DEF4EC600FB39E5 /* UserModel.swift */; };
		E15A59292DEF652A00FB39E5 /* CurrencyService.swift in Sources */ = {isa = PBXBuildFile; fileRef = E15A59282DEF652A00FB39E5 /* CurrencyService.swift */; };
		E15A592B2DEF677800FB39E5 /* FreeCurrencyRateResponse.swift in Sources */ = {isa = PBXBuildFile; fileRef = E15A592A2DEF677800FB39E5 /* FreeCurrencyRateResponse.swift */; };
		E15F7C842DF6D6900046CAE3 /* MapViewModel.swift in Sources */ = {isa = PBXBuildFile; fileRef = E15F7C832DF6D6900046CAE3 /* MapViewModel.swift */; };
		E17102E52DE4EA5600C511CC /* CartItem.swift in Sources */ = {isa = PBXBuildFile; fileRef = E17102E42DE4EA5600C511CC /* CartItem.swift */; };
		E17102E82DE4EA7E00C511CC /* CartViewModel.swift in Sources */ = {isa = PBXBuildFile; fileRef = E17102E72DE4EA7E00C511CC /* CartViewModel.swift */; };
		E17102EA2DE4EAC800C511CC /* CheckoutViewModel.swift in Sources */ = {isa = PBXBuildFile; fileRef = E17102E92DE4EAC800C511CC /* CheckoutViewModel.swift */; };
		E17102EC2DE4EAD900C511CC /* CartView.swift in Sources */ = {isa = PBXBuildFile; fileRef = E17102EB2DE4EAD900C511CC /* CartView.swift */; };
		E17102F22DE4EBAE00C511CC /* CartHeaderView.swift in Sources */ = {isa = PBXBuildFile; fileRef = E17102F12DE4EBAE00C511CC /* CartHeaderView.swift */; };
		E17102F42DE4EBCB00C511CC /* CartItemRow.swift in Sources */ = {isa = PBXBuildFile; fileRef = E17102F32DE4EBCB00C511CC /* CartItemRow.swift */; };
		E17102F62DE4EBDF00C511CC /* CartFooterView.swift in Sources */ = {isa = PBXBuildFile; fileRef = E17102F52DE4EBDF00C511CC /* CartFooterView.swift */; };
		E17102F82DE4EBF300C511CC /* EmptyCartView.swift in Sources */ = {isa = PBXBuildFile; fileRef = E17102F72DE4EBF300C511CC /* EmptyCartView.swift */; };
		E186FC042DF5569100BD6DA4 /* PaymentHandler.swift in Sources */ = {isa = PBXBuildFile; fileRef = E186FC032DF5569100BD6DA4 /* PaymentHandler.swift */; };
		E191DFAA2DF85D0400ADB394 /* Config.swift in Sources */ = {isa = PBXBuildFile; fileRef = E191DFA92DF85D0400ADB394 /* Config.swift */; };
		E19745162DF044E700F0AA4C /* ProductInfoView.swift in Sources */ = {isa = PBXBuildFile; fileRef = E19745142DF044E700F0AA4C /* ProductInfoView.swift */; };
		E198F4272DED8000001656DE /* PriceRuleService.swift in Sources */ = {isa = PBXBuildFile; fileRef = E198F4262DED8000001656DE /* PriceRuleService.swift */; };
		E198F4292DED806B001656DE /* Coupons.swift in Sources */ = {isa = PBXBuildFile; fileRef = E198F4282DED806B001656DE /* Coupons.swift */; };
		E198F42B2DED80C6001656DE /* CouponViewModel.swift in Sources */ = {isa = PBXBuildFile; fileRef = E198F42A2DED80C6001656DE /* CouponViewModel.swift */; };
		E1BF8A7B2DF0B3E10021E458 /* FavoritesScreen.swift in Sources */ = {isa = PBXBuildFile; fileRef = E1BF8A792DF0B3E10021E458 /* FavoritesScreen.swift */; };
		E1FFCD5E2DFFFDB4007B3641 /* GoogleSignIn in Frameworks */ = {isa = PBXBuildFile; productRef = E1E6A9082DFC3B4100026EE1 /* GoogleSignIn */; };
		E1FFCD5F2DFFFDB4007B3641 /* GoogleSignInSwift in Frameworks */ = {isa = PBXBuildFile; productRef = E1E6A90A2DFC3B4100026EE1 /* GoogleSignInSwift */; };
		E1FFCD642DFFFE07007B3641 /* FirestoreService.swift in Sources */ = {isa = PBXBuildFile; fileRef = E1FFCD622DFFFE07007B3641 /* FirestoreService.swift */; };
		E1FFCD652DFFFE07007B3641 /* CartFireStoreService.swift in Sources */ = {isa = PBXBuildFile; fileRef = E1FFCD612DFFFE07007B3641 /* CartFireStoreService.swift */; };
		E1FFCD682DFFFFE1007B3641 /* FirebaseFirestore in Frameworks */ = {isa = PBXBuildFile; productRef = E1FFCD672DFFFFE1007B3641 /* FirebaseFirestore */; };
		E1FFCD6A2E00004B007B3641 /* FirebaseFirestoreCombine-Community in Frameworks */ = {isa = PBXBuildFile; productRef = E1FFCD692E00004B007B3641 /* FirebaseFirestoreCombine-Community */; };
		E1FFCD6C2E00011A007B3641 /* MainTabView 2.swift in Sources */ = {isa = PBXBuildFile; fileRef = E1FFCD6B2E00011A007B3641 /* MainTabView 2.swift */; };
		FA288BA42DF5D10B00EABD17 /* HelperExtension.swift in Sources */ = {isa = PBXBuildFile; fileRef = FA288BA32DF5D10B00EABD17 /* HelperExtension.swift */; };
		FA524F372DEB17FB008FEA88 /* CategoryResponse.swift in Sources */ = {isa = PBXBuildFile; fileRef = FA524F362DEB17FB008FEA88 /* CategoryResponse.swift */; };
		FA524F3B2DEB1920008FEA88 /* CategoryService.swift in Sources */ = {isa = PBXBuildFile; fileRef = FA524F3A2DEB1920008FEA88 /* CategoryService.swift */; };
		FA524F3D2DEB1982008FEA88 /* CategoryViewModel.swift in Sources */ = {isa = PBXBuildFile; fileRef = FA524F3C2DEB1982008FEA88 /* CategoryViewModel.swift */; };
		FA5CA25E2DF78BAC00468F98 /* OrderCard.swift in Sources */ = {isa = PBXBuildFile; fileRef = FA5CA25D2DF78BAC00468F98 /* OrderCard.swift */; };
		FA5D37122DF5A28F0050CA99 /* CategoryProductService.swift in Sources */ = {isa = PBXBuildFile; fileRef = FA5D37112DF5A28F0050CA99 /* CategoryProductService.swift */; };
		FA5D37142DF5A2CE0050CA99 /* CollectsResponse.swift in Sources */ = {isa = PBXBuildFile; fileRef = FA5D37132DF5A2CE0050CA99 /* CollectsResponse.swift */; };
		FA805B662DE88BDB00853AA4 /* HomeView.swift in Sources */ = {isa = PBXBuildFile; fileRef = FA805B652DE88BDB00853AA4 /* HomeView.swift */; };
		FA805B742DE8925500853AA4 /* CustomHeaderView.swift in Sources */ = {isa = PBXBuildFile; fileRef = FA805B732DE8925500853AA4 /* CustomHeaderView.swift */; };
		FA805B762DE892E500853AA4 /* SearchView.swift in Sources */ = {isa = PBXBuildFile; fileRef = FA805B752DE892E500853AA4 /* SearchView.swift */; };
		FA805B7A2DE898BB00853AA4 /* TabView.swift in Sources */ = {isa = PBXBuildFile; fileRef = FA805B792DE898BB00853AA4 /* TabView.swift */; };
		FA805C392DE89EC400853AA4 /* CategoriesView.swift in Sources */ = {isa = PBXBuildFile; fileRef = FA805C382DE89EC400853AA4 /* CategoriesView.swift */; };
		FA859AAD2DE8A2260017C6D5 /* HomeContentView.swift in Sources */ = {isa = PBXBuildFile; fileRef = FA859AAC2DE8A2260017C6D5 /* HomeContentView.swift */; };
		FA859AAF2DE8A9820017C6D5 /* Promotion.swift in Sources */ = {isa = PBXBuildFile; fileRef = FA859AAE2DE8A9820017C6D5 /* Promotion.swift */; };
		FA91A34B2DFA2B2A00E7AB7D /* OrderService.swift in Sources */ = {isa = PBXBuildFile; fileRef = FA91A34A2DFA2B2A00E7AB7D /* OrderService.swift */; };
		FA91A34D2DFA32B500E7AB7D /* OrdersViewModel.swift in Sources */ = {isa = PBXBuildFile; fileRef = FA91A34C2DFA32B500E7AB7D /* OrdersViewModel.swift */; };
		FA91A34F2DFA378A00E7AB7D /* OrderItem.swift in Sources */ = {isa = PBXBuildFile; fileRef = FA91A34E2DFA378A00E7AB7D /* OrderItem.swift */; };
		FA91A3512DFA3BBD00E7AB7D /* OrderModel.swift in Sources */ = {isa = PBXBuildFile; fileRef = FA91A3502DFA3BBD00E7AB7D /* OrderModel.swift */; };
		FA9AE0142DF7923F0011B599 /* OrdersView.swift in Sources */ = {isa = PBXBuildFile; fileRef = FA9AE0132DF7923F0011B599 /* OrdersView.swift */; };
		FA9AE0162DF797370011B599 /* OrderDetailsView.swift in Sources */ = {isa = PBXBuildFile; fileRef = FA9AE0152DF797370011B599 /* OrderDetailsView.swift */; };
		FA9C0D2F2DEB852B00618379 /* BrandProductService.swift in Sources */ = {isa = PBXBuildFile; fileRef = FA9C0D2E2DEB852B00618379 /* BrandProductService.swift */; };
		FA9C0D332DEB86BE00618379 /* ProductsResponse.swift in Sources */ = {isa = PBXBuildFile; fileRef = FA9C0D322DEB86BE00618379 /* ProductsResponse.swift */; };
		FA9C0DF22DEB8AA100618379 /* ProductsViewModel.swift in Sources */ = {isa = PBXBuildFile; fileRef = FA9C0DF12DEB8AA100618379 /* ProductsViewModel.swift */; };
		FABDC4172DFC7FDB006E8A5B /* OrderPayload.swift in Sources */ = {isa = PBXBuildFile; fileRef = FABDC4162DFC7FDB006E8A5B /* OrderPayload.swift */; };
		FAC8895C2DE8BC570041EF40 /* Brand.swift in Sources */ = {isa = PBXBuildFile; fileRef = FAC8895B2DE8BC560041EF40 /* Brand.swift */; };
		FAC8895E2DE8BC780041EF40 /* BrandService.swift in Sources */ = {isa = PBXBuildFile; fileRef = FAC8895D2DE8BC780041EF40 /* BrandService.swift */; };
		FAC889602DE8BCD00041EF40 /* BrandViewModel.swift in Sources */ = {isa = PBXBuildFile; fileRef = FAC8895F2DE8BCD00041EF40 /* BrandViewModel.swift */; };
		FAC889642DE8C1950041EF40 /* BrandsSectionView.swift in Sources */ = {isa = PBXBuildFile; fileRef = FAC889632DE8C1950041EF40 /* BrandsSectionView.swift */; };
		FAC88A232DE8DD350041EF40 /* PromoCarousel.swift in Sources */ = {isa = PBXBuildFile; fileRef = FAC88A222DE8DD350041EF40 /* PromoCarousel.swift */; };
		FAC88A272DE8E2880041EF40 /* BrandProductsView.swift in Sources */ = {isa = PBXBuildFile; fileRef = FAC88A262DE8E2880041EF40 /* BrandProductsView.swift */; };
		FAE411262E0099E200EDB731 /* CheckoutView.swift in Sources */ = {isa = PBXBuildFile; fileRef = FAE411252E0099E200EDB731 /* CheckoutView.swift */; };
/* End PBXBuildFile section */

/* Begin PBXContainerItemProxy section */
		229EFA7B2DE35A0F006F0D77 /* PBXContainerItemProxy */ = {
			isa = PBXContainerItemProxy;
			containerPortal = 229EFA622DE35A0C006F0D77 /* Project object */;
			proxyType = 1;
			remoteGlobalIDString = 229EFA692DE35A0C006F0D77;
			remoteInfo = "E-commerce";
		};
		229EFA852DE35A10006F0D77 /* PBXContainerItemProxy */ = {
			isa = PBXContainerItemProxy;
			containerPortal = 229EFA622DE35A0C006F0D77 /* Project object */;
			proxyType = 1;
			remoteGlobalIDString = 229EFA692DE35A0C006F0D77;
			remoteInfo = "E-commerce";
		};
/* End PBXContainerItemProxy section */

/* Begin PBXFileReference section */
		2230CF1D2DED974D004B3423 /* GoogleService-Info.plist */ = {isa = PBXFileReference; fileEncoding = 4; lastKnownFileType = text.plist.xml; path = "GoogleService-Info.plist"; sourceTree = "<group>"; };
		2230CF1F2DED9891004B3423 /* Info.plist */ = {isa = PBXFileReference; lastKnownFileType = text.plist; path = Info.plist; sourceTree = "<group>"; };
		223E6A222DF6FF7400354ED4 /* SearchViewModel.swift */ = {isa = PBXFileReference; lastKnownFileType = sourcecode.swift; path = SearchViewModel.swift; sourceTree = "<group>"; };
		223E6A252DF7008000354ED4 /* SearchScreen.swift */ = {isa = PBXFileReference; lastKnownFileType = sourcecode.swift; path = SearchScreen.swift; sourceTree = "<group>"; };
		223E6A272DF703B900354ED4 /* SearchItemView.swift */ = {isa = PBXFileReference; lastKnownFileType = sourcecode.swift; path = SearchItemView.swift; sourceTree = "<group>"; };
		224A2E412DECD2AD00233331 /* AuthViewModel.swift */ = {isa = PBXFileReference; lastKnownFileType = sourcecode.swift; path = AuthViewModel.swift; sourceTree = "<group>"; };
		224A2E432DECD77200233331 /* FirebaseAuthService.swift */ = {isa = PBXFileReference; lastKnownFileType = sourcecode.swift; path = FirebaseAuthService.swift; sourceTree = "<group>"; };
		226D01F62DE6F53300D8DF0F /* PasswordTextField.swift */ = {isa = PBXFileReference; lastKnownFileType = sourcecode.swift; path = PasswordTextField.swift; sourceTree = "<group>"; };
		226E83202DE7794200AF1FF3 /* SignupScreen.swift */ = {isa = PBXFileReference; lastKnownFileType = sourcecode.swift; path = SignupScreen.swift; sourceTree = "<group>"; };
		226E83252DE799A800AF1FF3 /* RegisterVerificationScreen.swift */ = {isa = PBXFileReference; lastKnownFileType = sourcecode.swift; path = RegisterVerificationScreen.swift; sourceTree = "<group>"; };
		227C3BB02DE5E6D3006B0E52 /* NetworkService.swift */ = {isa = PBXFileReference; lastKnownFileType = sourcecode.swift; path = NetworkService.swift; sourceTree = "<group>"; };
		227C3BC12DE5E9A1006B0E52 /* SingleProductResponse.swift */ = {isa = PBXFileReference; lastKnownFileType = sourcecode.swift; path = SingleProductResponse.swift; sourceTree = "<group>"; };
		227C3BC42DE5F3AD006B0E52 /* ProductDetailsViewModel.swift */ = {isa = PBXFileReference; lastKnownFileType = sourcecode.swift; path = ProductDetailsViewModel.swift; sourceTree = "<group>"; };
		227C3BC62DE60518006B0E52 /* VariantsResponse.swift */ = {isa = PBXFileReference; lastKnownFileType = sourcecode.swift; path = VariantsResponse.swift; sourceTree = "<group>"; };
		228A2CE22DF6201900F138A3 /* GetAllProductsService.swift */ = {isa = PBXFileReference; lastKnownFileType = sourcecode.swift; path = GetAllProductsService.swift; sourceTree = "<group>"; };
		228A2CE42DF6216600F138A3 /* AllProductResponse.swift */ = {isa = PBXFileReference; lastKnownFileType = sourcecode.swift; path = AllProductResponse.swift; sourceTree = "<group>"; };
		229EFA6A2DE35A0C006F0D77 /* E-commerce.app */ = {isa = PBXFileReference; explicitFileType = wrapper.application; includeInIndex = 0; path = "E-commerce.app"; sourceTree = BUILT_PRODUCTS_DIR; };
		229EFA6D2DE35A0C006F0D77 /* E_commerceApp.swift */ = {isa = PBXFileReference; lastKnownFileType = sourcecode.swift; path = E_commerceApp.swift; sourceTree = "<group>"; };
		229EFA6F2DE35A0C006F0D77 /* ContentView.swift */ = {isa = PBXFileReference; lastKnownFileType = sourcecode.swift; path = ContentView.swift; sourceTree = "<group>"; };
		229EFA712DE35A0F006F0D77 /* Assets.xcassets */ = {isa = PBXFileReference; lastKnownFileType = folder.assetcatalog; path = Assets.xcassets; sourceTree = "<group>"; };
		229EFA742DE35A0F006F0D77 /* Preview Assets.xcassets */ = {isa = PBXFileReference; lastKnownFileType = folder.assetcatalog; path = "Preview Assets.xcassets"; sourceTree = "<group>"; };
		229EFA7A2DE35A0F006F0D77 /* E-commerceTests.xctest */ = {isa = PBXFileReference; explicitFileType = wrapper.cfbundle; includeInIndex = 0; path = "E-commerceTests.xctest"; sourceTree = BUILT_PRODUCTS_DIR; };
		229EFA7E2DE35A0F006F0D77 /* E_commerceTests.swift */ = {isa = PBXFileReference; lastKnownFileType = sourcecode.swift; path = E_commerceTests.swift; sourceTree = "<group>"; };
		229EFA842DE35A10006F0D77 /* E-commerceUITests.xctest */ = {isa = PBXFileReference; explicitFileType = wrapper.cfbundle; includeInIndex = 0; path = "E-commerceUITests.xctest"; sourceTree = BUILT_PRODUCTS_DIR; };
		229EFA882DE35A10006F0D77 /* E_commerceUITests.swift */ = {isa = PBXFileReference; lastKnownFileType = sourcecode.swift; path = E_commerceUITests.swift; sourceTree = "<group>"; };
		229EFA8A2DE35A10006F0D77 /* E_commerceUITestsLaunchTests.swift */ = {isa = PBXFileReference; lastKnownFileType = sourcecode.swift; path = E_commerceUITestsLaunchTests.swift; sourceTree = "<group>"; };
		22E81D282DE6523600CE941C /* LoginScreen.swift */ = {isa = PBXFileReference; lastKnownFileType = sourcecode.swift; path = LoginScreen.swift; sourceTree = "<group>"; };
		22FB96562DE7032C00BF0DA6 /* EmailTextField.swift */ = {isa = PBXFileReference; lastKnownFileType = sourcecode.swift; path = EmailTextField.swift; sourceTree = "<group>"; };
		22FB96582DE7264800BF0DA6 /* GoogleButton.swift */ = {isa = PBXFileReference; lastKnownFileType = sourcecode.swift; path = GoogleButton.swift; sourceTree = "<group>"; };
		22FC15B72DF0CFCD000FD95C /* FavoritesModel.xcdatamodel */ = {isa = PBXFileReference; lastKnownFileType = wrapper.xcdatamodel; path = FavoritesModel.xcdatamodel; sourceTree = "<group>"; };
		22FC15BA2DF0D063000FD95C /* CoreDataManager.swift */ = {isa = PBXFileReference; lastKnownFileType = sourcecode.swift; path = CoreDataManager.swift; sourceTree = "<group>"; };
		22FC15BC2DF0D094000FD95C /* FavoriteProductModel.swift */ = {isa = PBXFileReference; lastKnownFileType = sourcecode.swift; path = FavoriteProductModel.swift; sourceTree = "<group>"; };
		22FC15BE2DF0D0B4000FD95C /* FavoriteManager.swift */ = {isa = PBXFileReference; lastKnownFileType = sourcecode.swift; path = FavoriteManager.swift; sourceTree = "<group>"; };
		22FC15C42DF0D4A1000FD95C /* FavoritesModel+CoreDataClass.swift */ = {isa = PBXFileReference; lastKnownFileType = sourcecode.swift; name = "FavoritesModel+CoreDataClass.swift"; path = "E-commerce/Model/FavoritesModel+CoreDataClass.swift"; sourceTree = "<group>"; };
		22FC15C52DF0D4A1000FD95C /* FavoritesModel+CoreDataProperties.swift */ = {isa = PBXFileReference; lastKnownFileType = sourcecode.swift; name = "FavoritesModel+CoreDataProperties.swift"; path = "E-commerce/Model/FavoritesModel+CoreDataProperties.swift"; sourceTree = "<group>"; };
		22FC15C82DF0F585000FD95C /* FavoritesViewModel.swift */ = {isa = PBXFileReference; lastKnownFileType = sourcecode.swift; path = FavoritesViewModel.swift; sourceTree = "<group>"; };
		22FC15CA2DF0F632000FD95C /* FavoriteItemView.swift */ = {isa = PBXFileReference; lastKnownFileType = sourcecode.swift; path = FavoriteItemView.swift; sourceTree = "<group>"; };
		22FC15D02DF0F72F000FD95C /* NetworkMonitor.swift */ = {isa = PBXFileReference; lastKnownFileType = sourcecode.swift; path = NetworkMonitor.swift; sourceTree = "<group>"; };
		E11F26912DEE39930063716E /* SettingsView.swift */ = {isa = PBXFileReference; lastKnownFileType = sourcecode.swift; path = SettingsView.swift; sourceTree = "<group>"; };
		E11F26932DEE3D060063716E /* SettingsViewModel.swift */ = {isa = PBXFileReference; lastKnownFileType = sourcecode.swift; path = SettingsViewModel.swift; sourceTree = "<group>"; };
		E13937C22DF968B5004983BB /* PaypalModels.swift */ = {isa = PBXFileReference; lastKnownFileType = sourcecode.swift; path = PaypalModels.swift; sourceTree = "<group>"; };
		E13937C42DF968F5004983BB /* PaypalService.swift */ = {isa = PBXFileReference; lastKnownFileType = sourcecode.swift; path = PaypalService.swift; sourceTree = "<group>"; };
		E13937C62DF969D1004983BB /* PayPalWebViewController.swift */ = {isa = PBXFileReference; lastKnownFileType = sourcecode.swift; path = PayPalWebViewController.swift; sourceTree = "<group>"; };
		E13937C82DF96BAD004983BB /* PayPalCoordinator.swift */ = {isa = PBXFileReference; lastKnownFileType = sourcecode.swift; path = PayPalCoordinator.swift; sourceTree = "<group>"; };
		E13937CA2DF96BDD004983BB /* PayPalPaymentResult.swift */ = {isa = PBXFileReference; lastKnownFileType = sourcecode.swift; path = PayPalPaymentResult.swift; sourceTree = "<group>"; };
		E15A59252DEF4EC600FB39E5 /* UserModel.swift */ = {isa = PBXFileReference; lastKnownFileType = sourcecode.swift; path = UserModel.swift; sourceTree = "<group>"; };
		E15A59282DEF652A00FB39E5 /* CurrencyService.swift */ = {isa = PBXFileReference; lastKnownFileType = sourcecode.swift; path = CurrencyService.swift; sourceTree = "<group>"; };
		E15A592A2DEF677800FB39E5 /* FreeCurrencyRateResponse.swift */ = {isa = PBXFileReference; lastKnownFileType = sourcecode.swift; path = FreeCurrencyRateResponse.swift; sourceTree = "<group>"; };
		E15F7C832DF6D6900046CAE3 /* MapViewModel.swift */ = {isa = PBXFileReference; lastKnownFileType = sourcecode.swift; path = MapViewModel.swift; sourceTree = "<group>"; };
		E17102E42DE4EA5600C511CC /* CartItem.swift */ = {isa = PBXFileReference; lastKnownFileType = sourcecode.swift; path = CartItem.swift; sourceTree = "<group>"; };
		E17102E72DE4EA7E00C511CC /* CartViewModel.swift */ = {isa = PBXFileReference; lastKnownFileType = sourcecode.swift; path = CartViewModel.swift; sourceTree = "<group>"; };
		E17102E92DE4EAC800C511CC /* CheckoutViewModel.swift */ = {isa = PBXFileReference; lastKnownFileType = sourcecode.swift; path = CheckoutViewModel.swift; sourceTree = "<group>"; };
		E17102EB2DE4EAD900C511CC /* CartView.swift */ = {isa = PBXFileReference; lastKnownFileType = sourcecode.swift; path = CartView.swift; sourceTree = "<group>"; };
		E17102F12DE4EBAE00C511CC /* CartHeaderView.swift */ = {isa = PBXFileReference; lastKnownFileType = sourcecode.swift; path = CartHeaderView.swift; sourceTree = "<group>"; };
		E17102F32DE4EBCB00C511CC /* CartItemRow.swift */ = {isa = PBXFileReference; lastKnownFileType = sourcecode.swift; path = CartItemRow.swift; sourceTree = "<group>"; };
		E17102F52DE4EBDF00C511CC /* CartFooterView.swift */ = {isa = PBXFileReference; lastKnownFileType = sourcecode.swift; path = CartFooterView.swift; sourceTree = "<group>"; };
		E17102F72DE4EBF300C511CC /* EmptyCartView.swift */ = {isa = PBXFileReference; lastKnownFileType = sourcecode.swift; path = EmptyCartView.swift; sourceTree = "<group>"; };
		E186FC032DF5569100BD6DA4 /* PaymentHandler.swift */ = {isa = PBXFileReference; lastKnownFileType = sourcecode.swift; path = PaymentHandler.swift; sourceTree = "<group>"; };
		E191DFA92DF85D0400ADB394 /* Config.swift */ = {isa = PBXFileReference; lastKnownFileType = sourcecode.swift; path = Config.swift; sourceTree = "<group>"; };
		E19745142DF044E700F0AA4C /* ProductInfoView.swift */ = {isa = PBXFileReference; lastKnownFileType = sourcecode.swift; path = ProductInfoView.swift; sourceTree = "<group>"; };
		E198F4262DED8000001656DE /* PriceRuleService.swift */ = {isa = PBXFileReference; lastKnownFileType = sourcecode.swift; path = PriceRuleService.swift; sourceTree = "<group>"; };
		E198F4282DED806B001656DE /* Coupons.swift */ = {isa = PBXFileReference; lastKnownFileType = sourcecode.swift; path = Coupons.swift; sourceTree = "<group>"; };
		E198F42A2DED80C6001656DE /* CouponViewModel.swift */ = {isa = PBXFileReference; lastKnownFileType = sourcecode.swift; path = CouponViewModel.swift; sourceTree = "<group>"; };
		E1BF8A792DF0B3E10021E458 /* FavoritesScreen.swift */ = {isa = PBXFileReference; lastKnownFileType = sourcecode.swift; path = FavoritesScreen.swift; sourceTree = "<group>"; };
		E1FFCD612DFFFE07007B3641 /* CartFireStoreService.swift */ = {isa = PBXFileReference; lastKnownFileType = sourcecode.swift; path = CartFireStoreService.swift; sourceTree = "<group>"; };
		E1FFCD622DFFFE07007B3641 /* FirestoreService.swift */ = {isa = PBXFileReference; lastKnownFileType = sourcecode.swift; path = FirestoreService.swift; sourceTree = "<group>"; };
		E1FFCD6B2E00011A007B3641 /* MainTabView 2.swift */ = {isa = PBXFileReference; lastKnownFileType = sourcecode.swift; path = "MainTabView 2.swift"; sourceTree = "<group>"; };
		FA288BA32DF5D10B00EABD17 /* HelperExtension.swift */ = {isa = PBXFileReference; lastKnownFileType = sourcecode.swift; path = HelperExtension.swift; sourceTree = "<group>"; };
		FA524F362DEB17FB008FEA88 /* CategoryResponse.swift */ = {isa = PBXFileReference; lastKnownFileType = sourcecode.swift; path = CategoryResponse.swift; sourceTree = "<group>"; };
		FA524F3A2DEB1920008FEA88 /* CategoryService.swift */ = {isa = PBXFileReference; lastKnownFileType = sourcecode.swift; path = CategoryService.swift; sourceTree = "<group>"; };
		FA524F3C2DEB1982008FEA88 /* CategoryViewModel.swift */ = {isa = PBXFileReference; lastKnownFileType = sourcecode.swift; path = CategoryViewModel.swift; sourceTree = "<group>"; };
		FA5CA25D2DF78BAC00468F98 /* OrderCard.swift */ = {isa = PBXFileReference; lastKnownFileType = sourcecode.swift; path = OrderCard.swift; sourceTree = "<group>"; };
		FA5D37112DF5A28F0050CA99 /* CategoryProductService.swift */ = {isa = PBXFileReference; lastKnownFileType = sourcecode.swift; path = CategoryProductService.swift; sourceTree = "<group>"; };
		FA5D37132DF5A2CE0050CA99 /* CollectsResponse.swift */ = {isa = PBXFileReference; lastKnownFileType = sourcecode.swift; path = CollectsResponse.swift; sourceTree = "<group>"; };
		FA805B652DE88BDB00853AA4 /* HomeView.swift */ = {isa = PBXFileReference; lastKnownFileType = sourcecode.swift; path = HomeView.swift; sourceTree = "<group>"; };
		FA805B732DE8925500853AA4 /* CustomHeaderView.swift */ = {isa = PBXFileReference; lastKnownFileType = sourcecode.swift; path = CustomHeaderView.swift; sourceTree = "<group>"; };
		FA805B752DE892E500853AA4 /* SearchView.swift */ = {isa = PBXFileReference; lastKnownFileType = sourcecode.swift; path = SearchView.swift; sourceTree = "<group>"; };
		FA805B792DE898BB00853AA4 /* TabView.swift */ = {isa = PBXFileReference; lastKnownFileType = sourcecode.swift; path = TabView.swift; sourceTree = "<group>"; };
		FA805C382DE89EC400853AA4 /* CategoriesView.swift */ = {isa = PBXFileReference; lastKnownFileType = sourcecode.swift; path = CategoriesView.swift; sourceTree = "<group>"; };
		FA859AAC2DE8A2260017C6D5 /* HomeContentView.swift */ = {isa = PBXFileReference; lastKnownFileType = sourcecode.swift; path = HomeContentView.swift; sourceTree = "<group>"; };
		FA859AAE2DE8A9820017C6D5 /* Promotion.swift */ = {isa = PBXFileReference; lastKnownFileType = sourcecode.swift; path = Promotion.swift; sourceTree = "<group>"; };
		FA91A34A2DFA2B2A00E7AB7D /* OrderService.swift */ = {isa = PBXFileReference; lastKnownFileType = sourcecode.swift; path = OrderService.swift; sourceTree = "<group>"; };
		FA91A34C2DFA32B500E7AB7D /* OrdersViewModel.swift */ = {isa = PBXFileReference; lastKnownFileType = sourcecode.swift; path = OrdersViewModel.swift; sourceTree = "<group>"; };
		FA91A34E2DFA378A00E7AB7D /* OrderItem.swift */ = {isa = PBXFileReference; lastKnownFileType = sourcecode.swift; path = OrderItem.swift; sourceTree = "<group>"; };
		FA91A3502DFA3BBD00E7AB7D /* OrderModel.swift */ = {isa = PBXFileReference; lastKnownFileType = sourcecode.swift; path = OrderModel.swift; sourceTree = "<group>"; };
		FA9AE0132DF7923F0011B599 /* OrdersView.swift */ = {isa = PBXFileReference; lastKnownFileType = sourcecode.swift; path = OrdersView.swift; sourceTree = "<group>"; };
		FA9AE0152DF797370011B599 /* OrderDetailsView.swift */ = {isa = PBXFileReference; lastKnownFileType = sourcecode.swift; path = OrderDetailsView.swift; sourceTree = "<group>"; };
		FA9C0D2E2DEB852B00618379 /* BrandProductService.swift */ = {isa = PBXFileReference; lastKnownFileType = sourcecode.swift; path = BrandProductService.swift; sourceTree = "<group>"; };
		FA9C0D322DEB86BE00618379 /* ProductsResponse.swift */ = {isa = PBXFileReference; lastKnownFileType = sourcecode.swift; path = ProductsResponse.swift; sourceTree = "<group>"; };
		FA9C0DF12DEB8AA100618379 /* ProductsViewModel.swift */ = {isa = PBXFileReference; lastKnownFileType = sourcecode.swift; path = ProductsViewModel.swift; sourceTree = "<group>"; };
		FABDC4162DFC7FDB006E8A5B /* OrderPayload.swift */ = {isa = PBXFileReference; lastKnownFileType = sourcecode.swift; path = OrderPayload.swift; sourceTree = "<group>"; };
		FAC8895B2DE8BC560041EF40 /* Brand.swift */ = {isa = PBXFileReference; lastKnownFileType = sourcecode.swift; path = Brand.swift; sourceTree = "<group>"; };
		FAC8895D2DE8BC780041EF40 /* BrandService.swift */ = {isa = PBXFileReference; lastKnownFileType = sourcecode.swift; path = BrandService.swift; sourceTree = "<group>"; };
		FAC8895F2DE8BCD00041EF40 /* BrandViewModel.swift */ = {isa = PBXFileReference; lastKnownFileType = sourcecode.swift; path = BrandViewModel.swift; sourceTree = "<group>"; };
		FAC889632DE8C1950041EF40 /* BrandsSectionView.swift */ = {isa = PBXFileReference; lastKnownFileType = sourcecode.swift; path = BrandsSectionView.swift; sourceTree = "<group>"; };
		FAC88A222DE8DD350041EF40 /* PromoCarousel.swift */ = {isa = PBXFileReference; lastKnownFileType = sourcecode.swift; path = PromoCarousel.swift; sourceTree = "<group>"; };
		FAC88A262DE8E2880041EF40 /* BrandProductsView.swift */ = {isa = PBXFileReference; lastKnownFileType = sourcecode.swift; path = BrandProductsView.swift; sourceTree = "<group>"; };
		FAE411252E0099E200EDB731 /* CheckoutView.swift */ = {isa = PBXFileReference; lastKnownFileType = sourcecode.swift; path = CheckoutView.swift; sourceTree = "<group>"; };
/* End PBXFileReference section */

/* Begin PBXFrameworksBuildPhase section */
		229EFA672DE35A0C006F0D77 /* Frameworks */ = {
			isa = PBXFrameworksBuildPhase;
			buildActionMask = 2147483647;
			files = (
				E1FFCD5F2DFFFDB4007B3641 /* GoogleSignInSwift in Frameworks */,
				E1FFCD5E2DFFFDB4007B3641 /* GoogleSignIn in Frameworks */,
				E159DF1D2DF9E6EC0048DDEB /* Kingfisher in Frameworks */,
				E159DF252DF9E73E0048DDEB /* Reachability in Frameworks */,
				E159DF1B2DF9E6E30048DDEB /* FirebaseCore in Frameworks */,
				E159DF212DF9E6F80048DDEB /* PayPalWebPayments in Frameworks */,
				E159DF232DF9E7360048DDEB /* Alamofire in Frameworks */,
				E159DF192DF9E6DE0048DDEB /* FirebaseAuth in Frameworks */,
				E1FFCD6A2E00004B007B3641 /* FirebaseFirestoreCombine-Community in Frameworks */,
				E1FFCD682DFFFFE1007B3641 /* FirebaseFirestore in Frameworks */,
				E159DF1F2DF9E6F30048DDEB /* PayPalCheckout in Frameworks */,
			);
			runOnlyForDeploymentPostprocessing = 0;
		};
		229EFA772DE35A0F006F0D77 /* Frameworks */ = {
			isa = PBXFrameworksBuildPhase;
			buildActionMask = 2147483647;
			files = (
			);
			runOnlyForDeploymentPostprocessing = 0;
		};
		229EFA812DE35A10006F0D77 /* Frameworks */ = {
			isa = PBXFrameworksBuildPhase;
			buildActionMask = 2147483647;
			files = (
			);
			runOnlyForDeploymentPostprocessing = 0;
		};
/* End PBXFrameworksBuildPhase section */

/* Begin PBXGroup section */
		2230CF1C2DED9656004B3423 /* Frameworks */ = {
			isa = PBXGroup;
			children = (
			);
			name = Frameworks;
			sourceTree = "<group>";
		};
		223E6A242DF7006A00354ED4 /* Search */ = {
			isa = PBXGroup;
			children = (
				223E6A252DF7008000354ED4 /* SearchScreen.swift */,
				223E6A272DF703B900354ED4 /* SearchItemView.swift */,
			);
			path = Search;
			sourceTree = "<group>";
		};
		226E83222DE7986000AF1FF3 /* Components */ = {
			isa = PBXGroup;
			children = (
				226D01F62DE6F53300D8DF0F /* PasswordTextField.swift */,
				22FB96562DE7032C00BF0DA6 /* EmailTextField.swift */,
				22FB96582DE7264800BF0DA6 /* GoogleButton.swift */,
			);
			path = Components;
			sourceTree = "<group>";
		};
		226E83232DE798C600AF1FF3 /* View */ = {
			isa = PBXGroup;
			children = (
				226E83202DE7794200AF1FF3 /* SignupScreen.swift */,
				226E83252DE799A800AF1FF3 /* RegisterVerificationScreen.swift */,
			);
			path = View;
			sourceTree = "<group>";
		};
		226E83242DE798DA00AF1FF3 /* Register */ = {
			isa = PBXGroup;
			children = (
				226E83232DE798C600AF1FF3 /* View */,
			);
			path = Register;
			sourceTree = "<group>";
		};
		227C3BAE2DE5E69F006B0E52 /* Model */ = {
			isa = PBXGroup;
			children = (
				227C3BAF2DE5E6AE006B0E52 /* Service */,
				FAC8895B2DE8BC560041EF40 /* Brand.swift */,
				E198F4282DED806B001656DE /* Coupons.swift */,
				227C3BC12DE5E9A1006B0E52 /* SingleProductResponse.swift */,
				227C3BC62DE60518006B0E52 /* VariantsResponse.swift */,
				FA859AAE2DE8A9820017C6D5 /* Promotion.swift */,
				FA524F362DEB17FB008FEA88 /* CategoryResponse.swift */,
				FA9C0D322DEB86BE00618379 /* ProductsResponse.swift */,
				E13937CA2DF96BDD004983BB /* PayPalPaymentResult.swift */,
				E15A59252DEF4EC600FB39E5 /* UserModel.swift */,
				E15A592A2DEF677800FB39E5 /* FreeCurrencyRateResponse.swift */,
				FA5D37132DF5A2CE0050CA99 /* CollectsResponse.swift */,
				228A2CE42DF6216600F138A3 /* AllProductResponse.swift */,
				E191DFA92DF85D0400ADB394 /* Config.swift */,
				E13937C22DF968B5004983BB /* PaypalModels.swift */,
				FA91A34E2DFA378A00E7AB7D /* OrderItem.swift */,
				FA91A3502DFA3BBD00E7AB7D /* OrderModel.swift */,
				FABDC4162DFC7FDB006E8A5B /* OrderPayload.swift */,
			);
			path = Model;
			sourceTree = "<group>";
		};
		227C3BAF2DE5E6AE006B0E52 /* Service */ = {
			isa = PBXGroup;
			children = (
				E1FFCD632DFFFE07007B3641 /* FirebaseService */,
				22FC15B92DF0D04A000FD95C /* DatabaseService */,
				FAC8895D2DE8BC780041EF40 /* BrandService.swift */,
				227C3BB02DE5E6D3006B0E52 /* NetworkService.swift */,
				224A2E432DECD77200233331 /* FirebaseAuthService.swift */,
				FA524F3A2DEB1920008FEA88 /* CategoryService.swift */,
				FA9C0D2E2DEB852B00618379 /* BrandProductService.swift */,
				E198F4262DED8000001656DE /* PriceRuleService.swift */,
				E15A59282DEF652A00FB39E5 /* CurrencyService.swift */,
				22FC15B62DF0CFCD000FD95C /* FavoritesModel.xcdatamodeld */,
				22FC15BC2DF0D094000FD95C /* FavoriteProductModel.swift */,
				FA5D37112DF5A28F0050CA99 /* CategoryProductService.swift */,
				228A2CE22DF6201900F138A3 /* GetAllProductsService.swift */,
				E13937C42DF968F5004983BB /* PaypalService.swift */,
				FA91A34A2DFA2B2A00E7AB7D /* OrderService.swift */,
			);
			path = Service;
			sourceTree = "<group>";
		};
		227C3BC32DE5F37A006B0E52 /* ViewModel */ = {
			isa = PBXGroup;
			children = (
				E17102E72DE4EA7E00C511CC /* CartViewModel.swift */,
				FAC8895F2DE8BCD00041EF40 /* BrandViewModel.swift */,
				E17102E92DE4EAC800C511CC /* CheckoutViewModel.swift */,
				227C3BC42DE5F3AD006B0E52 /* ProductDetailsViewModel.swift */,
				224A2E412DECD2AD00233331 /* AuthViewModel.swift */,
				FA524F3C2DEB1982008FEA88 /* CategoryViewModel.swift */,
				FA9C0DF12DEB8AA100618379 /* ProductsViewModel.swift */,
				E198F42A2DED80C6001656DE /* CouponViewModel.swift */,
				E11F26932DEE3D060063716E /* SettingsViewModel.swift */,
				22FC15C82DF0F585000FD95C /* FavoritesViewModel.swift */,
				223E6A222DF6FF7400354ED4 /* SearchViewModel.swift */,
				E15F7C832DF6D6900046CAE3 /* MapViewModel.swift */,
				FA91A34C2DFA32B500E7AB7D /* OrdersViewModel.swift */,
			);
			path = ViewModel;
			sourceTree = "<group>";
		};
		227C3BCC2DE6195A006B0E52 /* View */ = {
			isa = PBXGroup;
			children = (
				FAE411242E0099C000EDB731 /* Checkout */,
				FA5CA25C2DF78B8700468F98 /* Orders */,
				223E6A242DF7006A00354ED4 /* Search */,
				E1BF8A7A2DF0B3E10021E458 /* Favorites */,
				E19745152DF044E700F0AA4C /* ProductInfo  */,
				E11F26902DEE397B0063716E /* Settings */,
				FA9C0DF32DEB8B5500618379 /* BrandProducts */,
				FA805B642DE88BCD00853AA4 /* Home */,
				E1BF34542DE619CB00F8DCCC /* ShoppingCart */,
			);
			path = View;
			sourceTree = "<group>";
		};
		227C3BCD2DE61994006B0E52 /* SupportFiles */ = {
			isa = PBXGroup;
			children = (
				229EFA712DE35A0F006F0D77 /* Assets.xcassets */,
			);
			path = SupportFiles;
			sourceTree = "<group>";
		};
		229EFA612DE35A0C006F0D77 = {
			isa = PBXGroup;
			children = (
				22FC15C42DF0D4A1000FD95C /* FavoritesModel+CoreDataClass.swift */,
				22FC15C52DF0D4A1000FD95C /* FavoritesModel+CoreDataProperties.swift */,
				229EFA6C2DE35A0C006F0D77 /* E-commerce */,
				229EFA7D2DE35A0F006F0D77 /* E-commerceTests */,
				229EFA872DE35A10006F0D77 /* E-commerceUITests */,
				E17102EE2DE4EB7200C511CC /* Frameworks */,
				229EFA6B2DE35A0C006F0D77 /* Products */,
				2230CF1C2DED9656004B3423 /* Frameworks */,
				E1FFCD602DFFFDB4007B3641 /* Recovered References */,
			);
			sourceTree = "<group>";
		};
		229EFA6B2DE35A0C006F0D77 /* Products */ = {
			isa = PBXGroup;
			children = (
				229EFA6A2DE35A0C006F0D77 /* E-commerce.app */,
				229EFA7A2DE35A0F006F0D77 /* E-commerceTests.xctest */,
				229EFA842DE35A10006F0D77 /* E-commerceUITests.xctest */,
			);
			name = Products;
			sourceTree = "<group>";
		};
		229EFA6C2DE35A0C006F0D77 /* E-commerce */ = {
			isa = PBXGroup;
			children = (
				2230CF1F2DED9891004B3423 /* Info.plist */,
				2230CF1D2DED974D004B3423 /* GoogleService-Info.plist */,
				22E81D252DE651BC00CE941C /* Authentication */,
				22FC15CF2DF0F716000FD95C /* Utils */,
				227C3BCC2DE6195A006B0E52 /* View */,
				227C3BC32DE5F37A006B0E52 /* ViewModel */,
				227C3BAE2DE5E69F006B0E52 /* Model */,
				227C3BCD2DE61994006B0E52 /* SupportFiles */,
				229EFA732DE35A0F006F0D77 /* Preview Content */,
				229EFA6D2DE35A0C006F0D77 /* E_commerceApp.swift */,
				229EFA6F2DE35A0C006F0D77 /* ContentView.swift */,
			);
			path = "E-commerce";
			sourceTree = "<group>";
		};
		229EFA732DE35A0F006F0D77 /* Preview Content */ = {
			isa = PBXGroup;
			children = (
				229EFA742DE35A0F006F0D77 /* Preview Assets.xcassets */,
			);
			path = "Preview Content";
			sourceTree = "<group>";
		};
		229EFA7D2DE35A0F006F0D77 /* E-commerceTests */ = {
			isa = PBXGroup;
			children = (
				229EFA7E2DE35A0F006F0D77 /* E_commerceTests.swift */,
			);
			path = "E-commerceTests";
			sourceTree = "<group>";
		};
		229EFA872DE35A10006F0D77 /* E-commerceUITests */ = {
			isa = PBXGroup;
			children = (
				229EFA882DE35A10006F0D77 /* E_commerceUITests.swift */,
				229EFA8A2DE35A10006F0D77 /* E_commerceUITestsLaunchTests.swift */,
			);
			path = "E-commerceUITests";
			sourceTree = "<group>";
		};
		22E81D252DE651BC00CE941C /* Authentication */ = {
			isa = PBXGroup;
			children = (
				226E83242DE798DA00AF1FF3 /* Register */,
				226E83222DE7986000AF1FF3 /* Components */,
				22E81D262DE651F300CE941C /* Login */,
			);
			path = Authentication;
			sourceTree = "<group>";
		};
		22E81D262DE651F300CE941C /* Login */ = {
			isa = PBXGroup;
			children = (
				22E81D272DE6520600CE941C /* View */,
			);
			path = Login;
			sourceTree = "<group>";
		};
		22E81D272DE6520600CE941C /* View */ = {
			isa = PBXGroup;
			children = (
				22E81D282DE6523600CE941C /* LoginScreen.swift */,
			);
			path = View;
			sourceTree = "<group>";
		};
		22FC15B92DF0D04A000FD95C /* DatabaseService */ = {
			isa = PBXGroup;
			children = (
				22FC15BA2DF0D063000FD95C /* CoreDataManager.swift */,
				22FC15BE2DF0D0B4000FD95C /* FavoriteManager.swift */,
			);
			path = DatabaseService;
			sourceTree = "<group>";
		};
		22FC15CF2DF0F716000FD95C /* Utils */ = {
			isa = PBXGroup;
			children = (
				22FC15D02DF0F72F000FD95C /* NetworkMonitor.swift */,
				FA288BA32DF5D10B00EABD17 /* HelperExtension.swift */,
			);
			path = Utils;
			sourceTree = "<group>";
		};
		E11F26902DEE397B0063716E /* Settings */ = {
			isa = PBXGroup;
			children = (
				E11F26912DEE39930063716E /* SettingsView.swift */,
			);
			path = Settings;
			sourceTree = "<group>";
		};
		E17102EE2DE4EB7200C511CC /* Frameworks */ = {
			isa = PBXGroup;
			children = (
			);
			name = Frameworks;
			sourceTree = "<group>";
		};
		E19745152DF044E700F0AA4C /* ProductInfo  */ = {
			isa = PBXGroup;
			children = (
				E19745142DF044E700F0AA4C /* ProductInfoView.swift */,
			);
			path = "ProductInfo ";
			sourceTree = "<group>";
		};
		E1BF34542DE619CB00F8DCCC /* ShoppingCart */ = {
			isa = PBXGroup;
			children = (
				E13937C82DF96BAD004983BB /* PayPalCoordinator.swift */,
				E17102E42DE4EA5600C511CC /* CartItem.swift */,
				E17102EB2DE4EAD900C511CC /* CartView.swift */,
				E17102F12DE4EBAE00C511CC /* CartHeaderView.swift */,
				E17102F32DE4EBCB00C511CC /* CartItemRow.swift */,
				E17102F52DE4EBDF00C511CC /* CartFooterView.swift */,
				E17102F72DE4EBF300C511CC /* EmptyCartView.swift */,
				E186FC032DF5569100BD6DA4 /* PaymentHandler.swift */,
				E13937C62DF969D1004983BB /* PayPalWebViewController.swift */,
			);
			path = ShoppingCart;
			sourceTree = "<group>";
		};
		E1BF8A7A2DF0B3E10021E458 /* Favorites */ = {
			isa = PBXGroup;
			children = (
				E1BF8A792DF0B3E10021E458 /* FavoritesScreen.swift */,
				22FC15CA2DF0F632000FD95C /* FavoriteItemView.swift */,
			);
			path = Favorites;
			sourceTree = "<group>";
		};
		E1FFCD602DFFFDB4007B3641 /* Recovered References */ = {
			isa = PBXGroup;
			children = (
			);
			name = "Recovered References";
			sourceTree = "<group>";
		};
		E1FFCD632DFFFE07007B3641 /* FirebaseService */ = {
			isa = PBXGroup;
			children = (
				E1FFCD612DFFFE07007B3641 /* CartFireStoreService.swift */,
				E1FFCD622DFFFE07007B3641 /* FirestoreService.swift */,
			);
			path = FirebaseService;
			sourceTree = "<group>";
		};
		FA5CA25C2DF78B8700468F98 /* Orders */ = {
			isa = PBXGroup;
			children = (
				FA5CA25D2DF78BAC00468F98 /* OrderCard.swift */,
				FA9AE0132DF7923F0011B599 /* OrdersView.swift */,
				FA9AE0152DF797370011B599 /* OrderDetailsView.swift */,
			);
			path = Orders;
			sourceTree = "<group>";
		};
		FA805B642DE88BCD00853AA4 /* Home */ = {
			isa = PBXGroup;
			children = (
				FA805B652DE88BDB00853AA4 /* HomeView.swift */,
				FA805B732DE8925500853AA4 /* CustomHeaderView.swift */,
				FA805B752DE892E500853AA4 /* SearchView.swift */,
				FA805B792DE898BB00853AA4 /* TabView.swift */,
				FA805C382DE89EC400853AA4 /* CategoriesView.swift */,
				FA859AAC2DE8A2260017C6D5 /* HomeContentView.swift */,
				FAC889632DE8C1950041EF40 /* BrandsSectionView.swift */,
				FAC88A222DE8DD350041EF40 /* PromoCarousel.swift */,
				E1FFCD6B2E00011A007B3641 /* MainTabView 2.swift */,
			);
			path = Home;
			sourceTree = "<group>";
		};
		FA9C0DF32DEB8B5500618379 /* BrandProducts */ = {
			isa = PBXGroup;
			children = (
				FAC88A262DE8E2880041EF40 /* BrandProductsView.swift */,
			);
			path = BrandProducts;
			sourceTree = "<group>";
		};
		FAE411242E0099C000EDB731 /* Checkout */ = {
			isa = PBXGroup;
			children = (
				FAE411252E0099E200EDB731 /* CheckoutView.swift */,
			);
			path = Checkout;
			sourceTree = "<group>";
		};
/* End PBXGroup section */

/* Begin PBXNativeTarget section */
		229EFA692DE35A0C006F0D77 /* E-commerce */ = {
			isa = PBXNativeTarget;
			buildConfigurationList = 229EFA8E2DE35A10006F0D77 /* Build configuration list for PBXNativeTarget "E-commerce" */;
			buildPhases = (
				229EFA662DE35A0C006F0D77 /* Sources */,
				229EFA672DE35A0C006F0D77 /* Frameworks */,
				229EFA682DE35A0C006F0D77 /* Resources */,
			);
			buildRules = (
			);
			dependencies = (
			);
			name = "E-commerce";
			packageProductDependencies = (
				E159DF182DF9E6DE0048DDEB /* FirebaseAuth */,
				E159DF1A2DF9E6E30048DDEB /* FirebaseCore */,
				E159DF1C2DF9E6EC0048DDEB /* Kingfisher */,
				E159DF1E2DF9E6F30048DDEB /* PayPalCheckout */,
				E159DF202DF9E6F80048DDEB /* PayPalWebPayments */,
				E159DF222DF9E7360048DDEB /* Alamofire */,
				E159DF242DF9E73E0048DDEB /* Reachability */,
				E1E6A9082DFC3B4100026EE1 /* GoogleSignIn */,
				E1E6A90A2DFC3B4100026EE1 /* GoogleSignInSwift */,
				E1FFCD672DFFFFE1007B3641 /* FirebaseFirestore */,
				E1FFCD692E00004B007B3641 /* FirebaseFirestoreCombine-Community */,
			);
			productName = "E-commerce";
			productReference = 229EFA6A2DE35A0C006F0D77 /* E-commerce.app */;
			productType = "com.apple.product-type.application";
		};
		229EFA792DE35A0F006F0D77 /* E-commerceTests */ = {
			isa = PBXNativeTarget;
			buildConfigurationList = 229EFA912DE35A10006F0D77 /* Build configuration list for PBXNativeTarget "E-commerceTests" */;
			buildPhases = (
				229EFA762DE35A0F006F0D77 /* Sources */,
				229EFA772DE35A0F006F0D77 /* Frameworks */,
				229EFA782DE35A0F006F0D77 /* Resources */,
			);
			buildRules = (
			);
			dependencies = (
				229EFA7C2DE35A0F006F0D77 /* PBXTargetDependency */,
			);
			name = "E-commerceTests";
			productName = "E-commerceTests";
			productReference = 229EFA7A2DE35A0F006F0D77 /* E-commerceTests.xctest */;
			productType = "com.apple.product-type.bundle.unit-test";
		};
		229EFA832DE35A10006F0D77 /* E-commerceUITests */ = {
			isa = PBXNativeTarget;
			buildConfigurationList = 229EFA942DE35A10006F0D77 /* Build configuration list for PBXNativeTarget "E-commerceUITests" */;
			buildPhases = (
				229EFA802DE35A10006F0D77 /* Sources */,
				229EFA812DE35A10006F0D77 /* Frameworks */,
				229EFA822DE35A10006F0D77 /* Resources */,
			);
			buildRules = (
			);
			dependencies = (
				229EFA862DE35A10006F0D77 /* PBXTargetDependency */,
			);
			name = "E-commerceUITests";
			productName = "E-commerceUITests";
			productReference = 229EFA842DE35A10006F0D77 /* E-commerceUITests.xctest */;
			productType = "com.apple.product-type.bundle.ui-testing";
		};
/* End PBXNativeTarget section */

/* Begin PBXProject section */
		229EFA622DE35A0C006F0D77 /* Project object */ = {
			isa = PBXProject;
			attributes = {
				BuildIndependentTargetsInParallel = 1;
				LastSwiftUpdateCheck = 1420;
				LastUpgradeCheck = 1630;
				TargetAttributes = {
					229EFA692DE35A0C006F0D77 = {
						CreatedOnToolsVersion = 14.2;
					};
					229EFA792DE35A0F006F0D77 = {
						CreatedOnToolsVersion = 14.2;
						TestTargetID = 229EFA692DE35A0C006F0D77;
					};
					229EFA832DE35A10006F0D77 = {
						CreatedOnToolsVersion = 14.2;
						TestTargetID = 229EFA692DE35A0C006F0D77;
					};
				};
			};
			buildConfigurationList = 229EFA652DE35A0C006F0D77 /* Build configuration list for PBXProject "E-commerce" */;
			compatibilityVersion = "Xcode 14.0";
			developmentRegion = en;
			hasScannedForEncodings = 0;
			knownRegions = (
				en,
				Base,
			);
			mainGroup = 229EFA612DE35A0C006F0D77;
			packageReferences = (
				E159DF112DF9E6040048DDEB /* XCRemoteSwiftPackageReference "firebase-ios-sdk" */,
				E159DF122DF9E6330048DDEB /* XCRemoteSwiftPackageReference "paypalcheckout-ios" */,
				E159DF132DF9E6400048DDEB /* XCRemoteSwiftPackageReference "paypal-ios" */,
				E159DF142DF9E64E0048DDEB /* XCRemoteSwiftPackageReference "WalletPassGenerator" */,
				E159DF152DF9E65C0048DDEB /* XCRemoteSwiftPackageReference "Alamofire" */,
				E159DF162DF9E66B0048DDEB /* XCRemoteSwiftPackageReference "Kingfisher" */,
				E159DF172DF9E6770048DDEB /* XCRemoteSwiftPackageReference "Reachability" */,
				E1FFCD662DFFFFA0007B3641 /* XCRemoteSwiftPackageReference "GoogleSignIn-iOS" */,
			);
			productRefGroup = 229EFA6B2DE35A0C006F0D77 /* Products */;
			projectDirPath = "";
			projectRoot = "";
			targets = (
				229EFA692DE35A0C006F0D77 /* E-commerce */,
				229EFA792DE35A0F006F0D77 /* E-commerceTests */,
				229EFA832DE35A10006F0D77 /* E-commerceUITests */,
			);
		};
/* End PBXProject section */

/* Begin PBXResourcesBuildPhase section */
		229EFA682DE35A0C006F0D77 /* Resources */ = {
			isa = PBXResourcesBuildPhase;
			buildActionMask = 2147483647;
			files = (
				229EFA752DE35A0F006F0D77 /* Preview Assets.xcassets in Resources */,
				229EFA722DE35A0F006F0D77 /* Assets.xcassets in Resources */,
				2230CF1E2DED974D004B3423 /* GoogleService-Info.plist in Resources */,
			);
			runOnlyForDeploymentPostprocessing = 0;
		};
		229EFA782DE35A0F006F0D77 /* Resources */ = {
			isa = PBXResourcesBuildPhase;
			buildActionMask = 2147483647;
			files = (
			);
			runOnlyForDeploymentPostprocessing = 0;
		};
		229EFA822DE35A10006F0D77 /* Resources */ = {
			isa = PBXResourcesBuildPhase;
			buildActionMask = 2147483647;
			files = (
			);
			runOnlyForDeploymentPostprocessing = 0;
		};
/* End PBXResourcesBuildPhase section */

/* Begin PBXSourcesBuildPhase section */
		229EFA662DE35A0C006F0D77 /* Sources */ = {
			isa = PBXSourcesBuildPhase;
			buildActionMask = 2147483647;
			files = (
				22FB96592DE7264800BF0DA6 /* GoogleButton.swift in Sources */,
				E17102F82DE4EBF300C511CC /* EmptyCartView.swift in Sources */,
				FA9C0D2F2DEB852B00618379 /* BrandProductService.swift in Sources */,
				FA91A34F2DFA378A00E7AB7D /* OrderItem.swift in Sources */,
				22FC15CB2DF0F632000FD95C /* FavoriteItemView.swift in Sources */,
				E17102EA2DE4EAC800C511CC /* CheckoutViewModel.swift in Sources */,
				FAC889602DE8BCD00041EF40 /* BrandViewModel.swift in Sources */,
				E17102EC2DE4EAD900C511CC /* CartView.swift in Sources */,
				FA288BA42DF5D10B00EABD17 /* HelperExtension.swift in Sources */,
				E15F7C842DF6D6900046CAE3 /* MapViewModel.swift in Sources */,
				E11F26942DEE3D060063716E /* SettingsViewModel.swift in Sources */,
				FA524F3D2DEB1982008FEA88 /* CategoryViewModel.swift in Sources */,
				E11F26922DEE39930063716E /* SettingsView.swift in Sources */,
				22FC15D12DF0F72F000FD95C /* NetworkMonitor.swift in Sources */,
				FA5D37122DF5A28F0050CA99 /* CategoryProductService.swift in Sources */,
				FA805B662DE88BDB00853AA4 /* HomeView.swift in Sources */,
				22FC15C62DF0D4A1000FD95C /* FavoritesModel+CoreDataClass.swift in Sources */,
				227C3BC22DE5E9A1006B0E52 /* SingleProductResponse.swift in Sources */,
				226E83262DE799A800AF1FF3 /* RegisterVerificationScreen.swift in Sources */,
				22FB96572DE7032C00BF0DA6 /* EmailTextField.swift in Sources */,
				E15A59262DEF4EC600FB39E5 /* UserModel.swift in Sources */,
				227C3BC52DE5F3AD006B0E52 /* ProductDetailsViewModel.swift in Sources */,
				E198F4272DED8000001656DE /* PriceRuleService.swift in Sources */,
				FA91A3512DFA3BBD00E7AB7D /* OrderModel.swift in Sources */,
				FAC88A272DE8E2880041EF40 /* BrandProductsView.swift in Sources */,
				E13937CB2DF96BDD004983BB /* PayPalPaymentResult.swift in Sources */,
				E191DFAA2DF85D0400ADB394 /* Config.swift in Sources */,
				FA524F3B2DEB1920008FEA88 /* CategoryService.swift in Sources */,
				22FC15B82DF0CFCD000FD95C /* FavoritesModel.xcdatamodeld in Sources */,
				228A2CE52DF6216600F138A3 /* AllProductResponse.swift in Sources */,
				FA9AE0162DF797370011B599 /* OrderDetailsView.swift in Sources */,
				FA9C0D332DEB86BE00618379 /* ProductsResponse.swift in Sources */,
				229EFA702DE35A0C006F0D77 /* ContentView.swift in Sources */,
				FA805C392DE89EC400853AA4 /* CategoriesView.swift in Sources */,
				223E6A282DF703B900354ED4 /* SearchItemView.swift in Sources */,
				E1FFCD6C2E00011A007B3641 /* MainTabView 2.swift in Sources */,
				E17102E82DE4EA7E00C511CC /* CartViewModel.swift in Sources */,
				FAC8895C2DE8BC570041EF40 /* Brand.swift in Sources */,
				E15A59292DEF652A00FB39E5 /* CurrencyService.swift in Sources */,
				E1FFCD642DFFFE07007B3641 /* FirestoreService.swift in Sources */,
				E1FFCD652DFFFE07007B3641 /* CartFireStoreService.swift in Sources */,
				FAC889642DE8C1950041EF40 /* BrandsSectionView.swift in Sources */,
				FA805B762DE892E500853AA4 /* SearchView.swift in Sources */,
				FA805B742DE8925500853AA4 /* CustomHeaderView.swift in Sources */,
				227C3BB12DE5E6D3006B0E52 /* NetworkService.swift in Sources */,
				226E83212DE7794200AF1FF3 /* SignupScreen.swift in Sources */,
				22E81D292DE6523600CE941C /* LoginScreen.swift in Sources */,
				224A2E442DECD77200233331 /* FirebaseAuthService.swift in Sources */,
				224A2E422DECD2AD00233331 /* AuthViewModel.swift in Sources */,
				FAC8895E2DE8BC780041EF40 /* BrandService.swift in Sources */,
				FA9AE0142DF7923F0011B599 /* OrdersView.swift in Sources */,
				227C3BC72DE60518006B0E52 /* VariantsResponse.swift in Sources */,
				E19745162DF044E700F0AA4C /* ProductInfoView.swift in Sources */,
				FA91A34B2DFA2B2A00E7AB7D /* OrderService.swift in Sources */,
				22FC15C92DF0F585000FD95C /* FavoritesViewModel.swift in Sources */,
				223E6A262DF7008000354ED4 /* SearchScreen.swift in Sources */,
				FAC88A232DE8DD350041EF40 /* PromoCarousel.swift in Sources */,
				FA9C0DF22DEB8AA100618379 /* ProductsViewModel.swift in Sources */,
				FA859AAD2DE8A2260017C6D5 /* HomeContentView.swift in Sources */,
				229EFA6E2DE35A0C006F0D77 /* E_commerceApp.swift in Sources */,
				226D01F72DE6F53300D8DF0F /* PasswordTextField.swift in Sources */,
				22FC15BB2DF0D063000FD95C /* CoreDataManager.swift in Sources */,
				FA5D37142DF5A2CE0050CA99 /* CollectsResponse.swift in Sources */,
				228A2CE32DF6201900F138A3 /* GetAllProductsService.swift in Sources */,
				223E6A232DF6FF7400354ED4 /* SearchViewModel.swift in Sources */,
				E15A592B2DEF677800FB39E5 /* FreeCurrencyRateResponse.swift in Sources */,
				E17102F62DE4EBDF00C511CC /* CartFooterView.swift in Sources */,
				E17102F22DE4EBAE00C511CC /* CartHeaderView.swift in Sources */,
				E198F4292DED806B001656DE /* Coupons.swift in Sources */,
				E17102E52DE4EA5600C511CC /* CartItem.swift in Sources */,
				FA91A34D2DFA32B500E7AB7D /* OrdersViewModel.swift in Sources */,
				FA524F372DEB17FB008FEA88 /* CategoryResponse.swift in Sources */,
				E13937C52DF968F5004983BB /* PaypalService.swift in Sources */,
				E198F42B2DED80C6001656DE /* CouponViewModel.swift in Sources */,
				FABDC4172DFC7FDB006E8A5B /* OrderPayload.swift in Sources */,
				E1BF8A7B2DF0B3E10021E458 /* FavoritesScreen.swift in Sources */,
				FA859AAF2DE8A9820017C6D5 /* Promotion.swift in Sources */,
				22FC15BD2DF0D094000FD95C /* FavoriteProductModel.swift in Sources */,
				FAE411262E0099E200EDB731 /* CheckoutView.swift in Sources */,
				E186FC042DF5569100BD6DA4 /* PaymentHandler.swift in Sources */,
				22FC15BF2DF0D0B4000FD95C /* FavoriteManager.swift in Sources */,
				FA5CA25E2DF78BAC00468F98 /* OrderCard.swift in Sources */,
				E17102F42DE4EBCB00C511CC /* CartItemRow.swift in Sources */,
				22FC15C72DF0D4A1000FD95C /* FavoritesModel+CoreDataProperties.swift in Sources */,
				FA805B7A2DE898BB00853AA4 /* TabView.swift in Sources */,
				E13937C92DF96BAD004983BB /* PayPalCoordinator.swift in Sources */,
				E13937C32DF968B5004983BB /* PaypalModels.swift in Sources */,
				E13937C72DF969D1004983BB /* PayPalWebViewController.swift in Sources */,
			);
			runOnlyForDeploymentPostprocessing = 0;
		};
		229EFA762DE35A0F006F0D77 /* Sources */ = {
			isa = PBXSourcesBuildPhase;
			buildActionMask = 2147483647;
			files = (
				229EFA7F2DE35A0F006F0D77 /* E_commerceTests.swift in Sources */,
			);
			runOnlyForDeploymentPostprocessing = 0;
		};
		229EFA802DE35A10006F0D77 /* Sources */ = {
			isa = PBXSourcesBuildPhase;
			buildActionMask = 2147483647;
			files = (
				229EFA892DE35A10006F0D77 /* E_commerceUITests.swift in Sources */,
				229EFA8B2DE35A10006F0D77 /* E_commerceUITestsLaunchTests.swift in Sources */,
			);
			runOnlyForDeploymentPostprocessing = 0;
		};
/* End PBXSourcesBuildPhase section */

/* Begin PBXTargetDependency section */
		229EFA7C2DE35A0F006F0D77 /* PBXTargetDependency */ = {
			isa = PBXTargetDependency;
			target = 229EFA692DE35A0C006F0D77 /* E-commerce */;
			targetProxy = 229EFA7B2DE35A0F006F0D77 /* PBXContainerItemProxy */;
		};
		229EFA862DE35A10006F0D77 /* PBXTargetDependency */ = {
			isa = PBXTargetDependency;
			target = 229EFA692DE35A0C006F0D77 /* E-commerce */;
			targetProxy = 229EFA852DE35A10006F0D77 /* PBXContainerItemProxy */;
		};
/* End PBXTargetDependency section */

/* Begin XCBuildConfiguration section */
		229EFA8C2DE35A10006F0D77 /* Debug */ = {
			isa = XCBuildConfiguration;
			buildSettings = {
				ALWAYS_SEARCH_USER_PATHS = NO;
				CLANG_ANALYZER_NONNULL = YES;
				CLANG_ANALYZER_NUMBER_OBJECT_CONVERSION = YES_AGGRESSIVE;
				CLANG_CXX_LANGUAGE_STANDARD = "gnu++20";
				CLANG_ENABLE_MODULES = YES;
				CLANG_ENABLE_OBJC_ARC = YES;
				CLANG_ENABLE_OBJC_WEAK = YES;
				CLANG_WARN_BLOCK_CAPTURE_AUTORELEASING = YES;
				CLANG_WARN_BOOL_CONVERSION = YES;
				CLANG_WARN_COMMA = YES;
				CLANG_WARN_CONSTANT_CONVERSION = YES;
				CLANG_WARN_DEPRECATED_OBJC_IMPLEMENTATIONS = YES;
				CLANG_WARN_DIRECT_OBJC_ISA_USAGE = YES_ERROR;
				CLANG_WARN_DOCUMENTATION_COMMENTS = YES;
				CLANG_WARN_EMPTY_BODY = YES;
				CLANG_WARN_ENUM_CONVERSION = YES;
				CLANG_WARN_INFINITE_RECURSION = YES;
				CLANG_WARN_INT_CONVERSION = YES;
				CLANG_WARN_NON_LITERAL_NULL_CONVERSION = YES;
				CLANG_WARN_OBJC_IMPLICIT_RETAIN_SELF = YES;
				CLANG_WARN_OBJC_LITERAL_CONVERSION = YES;
				CLANG_WARN_OBJC_ROOT_CLASS = YES_ERROR;
				CLANG_WARN_QUOTED_INCLUDE_IN_FRAMEWORK_HEADER = YES;
				CLANG_WARN_RANGE_LOOP_ANALYSIS = YES;
				CLANG_WARN_STRICT_PROTOTYPES = YES;
				CLANG_WARN_SUSPICIOUS_MOVE = YES;
				CLANG_WARN_UNGUARDED_AVAILABILITY = YES_AGGRESSIVE;
				CLANG_WARN_UNREACHABLE_CODE = YES;
				CLANG_WARN__DUPLICATE_METHOD_MATCH = YES;
				COPY_PHASE_STRIP = NO;
				DEBUG_INFORMATION_FORMAT = dwarf;
				ENABLE_STRICT_OBJC_MSGSEND = YES;
				ENABLE_TESTABILITY = YES;
				ENABLE_USER_SCRIPT_SANDBOXING = YES;
				GCC_C_LANGUAGE_STANDARD = gnu11;
				GCC_DYNAMIC_NO_PIC = NO;
				GCC_NO_COMMON_BLOCKS = YES;
				GCC_OPTIMIZATION_LEVEL = 0;
				GCC_PREPROCESSOR_DEFINITIONS = (
					"DEBUG=1",
					"$(inherited)",
				);
				GCC_WARN_64_TO_32_BIT_CONVERSION = YES;
				GCC_WARN_ABOUT_RETURN_TYPE = YES_ERROR;
				GCC_WARN_UNDECLARED_SELECTOR = YES;
				GCC_WARN_UNINITIALIZED_AUTOS = YES_AGGRESSIVE;
				GCC_WARN_UNUSED_FUNCTION = YES;
				GCC_WARN_UNUSED_VARIABLE = YES;
				IPHONEOS_DEPLOYMENT_TARGET = 16.2;
				MTL_ENABLE_DEBUG_INFO = INCLUDE_SOURCE;
				MTL_FAST_MATH = YES;
				ONLY_ACTIVE_ARCH = YES;
				SDKROOT = iphoneos;
				SWIFT_ACTIVE_COMPILATION_CONDITIONS = DEBUG;
				SWIFT_OPTIMIZATION_LEVEL = "-Onone";
			};
			name = Debug;
		};
		229EFA8D2DE35A10006F0D77 /* Release */ = {
			isa = XCBuildConfiguration;
			buildSettings = {
				ALWAYS_SEARCH_USER_PATHS = NO;
				CLANG_ANALYZER_NONNULL = YES;
				CLANG_ANALYZER_NUMBER_OBJECT_CONVERSION = YES_AGGRESSIVE;
				CLANG_CXX_LANGUAGE_STANDARD = "gnu++20";
				CLANG_ENABLE_MODULES = YES;
				CLANG_ENABLE_OBJC_ARC = YES;
				CLANG_ENABLE_OBJC_WEAK = YES;
				CLANG_WARN_BLOCK_CAPTURE_AUTORELEASING = YES;
				CLANG_WARN_BOOL_CONVERSION = YES;
				CLANG_WARN_COMMA = YES;
				CLANG_WARN_CONSTANT_CONVERSION = YES;
				CLANG_WARN_DEPRECATED_OBJC_IMPLEMENTATIONS = YES;
				CLANG_WARN_DIRECT_OBJC_ISA_USAGE = YES_ERROR;
				CLANG_WARN_DOCUMENTATION_COMMENTS = YES;
				CLANG_WARN_EMPTY_BODY = YES;
				CLANG_WARN_ENUM_CONVERSION = YES;
				CLANG_WARN_INFINITE_RECURSION = YES;
				CLANG_WARN_INT_CONVERSION = YES;
				CLANG_WARN_NON_LITERAL_NULL_CONVERSION = YES;
				CLANG_WARN_OBJC_IMPLICIT_RETAIN_SELF = YES;
				CLANG_WARN_OBJC_LITERAL_CONVERSION = YES;
				CLANG_WARN_OBJC_ROOT_CLASS = YES_ERROR;
				CLANG_WARN_QUOTED_INCLUDE_IN_FRAMEWORK_HEADER = YES;
				CLANG_WARN_RANGE_LOOP_ANALYSIS = YES;
				CLANG_WARN_STRICT_PROTOTYPES = YES;
				CLANG_WARN_SUSPICIOUS_MOVE = YES;
				CLANG_WARN_UNGUARDED_AVAILABILITY = YES_AGGRESSIVE;
				CLANG_WARN_UNREACHABLE_CODE = YES;
				CLANG_WARN__DUPLICATE_METHOD_MATCH = YES;
				COPY_PHASE_STRIP = NO;
				DEBUG_INFORMATION_FORMAT = "dwarf-with-dsym";
				ENABLE_NS_ASSERTIONS = NO;
				ENABLE_STRICT_OBJC_MSGSEND = YES;
				ENABLE_USER_SCRIPT_SANDBOXING = YES;
				GCC_C_LANGUAGE_STANDARD = gnu11;
				GCC_NO_COMMON_BLOCKS = YES;
				GCC_WARN_64_TO_32_BIT_CONVERSION = YES;
				GCC_WARN_ABOUT_RETURN_TYPE = YES_ERROR;
				GCC_WARN_UNDECLARED_SELECTOR = YES;
				GCC_WARN_UNINITIALIZED_AUTOS = YES_AGGRESSIVE;
				GCC_WARN_UNUSED_FUNCTION = YES;
				GCC_WARN_UNUSED_VARIABLE = YES;
				IPHONEOS_DEPLOYMENT_TARGET = 16.2;
				MTL_ENABLE_DEBUG_INFO = NO;
				MTL_FAST_MATH = YES;
				SDKROOT = iphoneos;
				SWIFT_COMPILATION_MODE = wholemodule;
				SWIFT_OPTIMIZATION_LEVEL = "-O";
				VALIDATE_PRODUCT = YES;
			};
			name = Release;
		};
		229EFA8F2DE35A10006F0D77 /* Debug */ = {
			isa = XCBuildConfiguration;
			buildSettings = {
				ASSETCATALOG_COMPILER_APPICON_NAME = AppIcon;
				ASSETCATALOG_COMPILER_GLOBAL_ACCENT_COLOR_NAME = AccentColor;
				CODE_SIGN_ENTITLEMENTS = "E-commerce/E-commerce.entitlements";
				CODE_SIGN_STYLE = Automatic;
				CURRENT_PROJECT_VERSION = 1;
				DEVELOPMENT_ASSET_PATHS = "\"E-commerce/Preview Content\"";
				DEVELOPMENT_TEAM = X8DY4326ZW;
				ENABLE_PREVIEWS = YES;
				GENERATE_INFOPLIST_FILE = YES;
				INFOPLIST_FILE = "E-commerce/Info.plist";
				INFOPLIST_KEY_UIApplicationSceneManifest_Generation = YES;
				INFOPLIST_KEY_UIApplicationSupportsIndirectInputEvents = YES;
				INFOPLIST_KEY_UILaunchScreen_Generation = YES;
				INFOPLIST_KEY_UISupportedInterfaceOrientations_iPad = "UIInterfaceOrientationPortrait UIInterfaceOrientationPortraitUpsideDown UIInterfaceOrientationLandscapeLeft UIInterfaceOrientationLandscapeRight";
				INFOPLIST_KEY_UISupportedInterfaceOrientations_iPhone = "UIInterfaceOrientationPortrait UIInterfaceOrientationLandscapeLeft UIInterfaceOrientationLandscapeRight";
				LD_RUNPATH_SEARCH_PATHS = (
					"$(inherited)",
					"@executable_path/Frameworks",
				);
				MARKETING_VERSION = 1.0;
				PRODUCT_BUNDLE_IDENTIFIER = "ITI.E-commerce";
				PRODUCT_NAME = "$(TARGET_NAME)";
				SWIFT_EMIT_LOC_STRINGS = YES;
				SWIFT_VERSION = 5.0;
				TARGETED_DEVICE_FAMILY = "1,2";
			};
			name = Debug;
		};
		229EFA902DE35A10006F0D77 /* Release */ = {
			isa = XCBuildConfiguration;
			buildSettings = {
				ASSETCATALOG_COMPILER_APPICON_NAME = AppIcon;
				ASSETCATALOG_COMPILER_GLOBAL_ACCENT_COLOR_NAME = AccentColor;
				CODE_SIGN_ENTITLEMENTS = "E-commerce/E-commerce.entitlements";
				CODE_SIGN_STYLE = Automatic;
				CURRENT_PROJECT_VERSION = 1;
				DEVELOPMENT_ASSET_PATHS = "\"E-commerce/Preview Content\"";
				DEVELOPMENT_TEAM = X8DY4326ZW;
				ENABLE_PREVIEWS = YES;
				GENERATE_INFOPLIST_FILE = YES;
				INFOPLIST_FILE = "E-commerce/Info.plist";
				INFOPLIST_KEY_UIApplicationSceneManifest_Generation = YES;
				INFOPLIST_KEY_UIApplicationSupportsIndirectInputEvents = YES;
				INFOPLIST_KEY_UILaunchScreen_Generation = YES;
				INFOPLIST_KEY_UISupportedInterfaceOrientations_iPad = "UIInterfaceOrientationPortrait UIInterfaceOrientationPortraitUpsideDown UIInterfaceOrientationLandscapeLeft UIInterfaceOrientationLandscapeRight";
				INFOPLIST_KEY_UISupportedInterfaceOrientations_iPhone = "UIInterfaceOrientationPortrait UIInterfaceOrientationLandscapeLeft UIInterfaceOrientationLandscapeRight";
				LD_RUNPATH_SEARCH_PATHS = (
					"$(inherited)",
					"@executable_path/Frameworks",
				);
				MARKETING_VERSION = 1.0;
				PRODUCT_BUNDLE_IDENTIFIER = "ITI.E-commerce";
				PRODUCT_NAME = "$(TARGET_NAME)";
				SWIFT_EMIT_LOC_STRINGS = YES;
				SWIFT_VERSION = 5.0;
				TARGETED_DEVICE_FAMILY = "1,2";
			};
			name = Release;
		};
		229EFA922DE35A10006F0D77 /* Debug */ = {
			isa = XCBuildConfiguration;
			buildSettings = {
				BUNDLE_LOADER = "$(TEST_HOST)";
				CODE_SIGN_STYLE = Automatic;
				CURRENT_PROJECT_VERSION = 1;
				GENERATE_INFOPLIST_FILE = YES;
				IPHONEOS_DEPLOYMENT_TARGET = 16.2;
				MARKETING_VERSION = 1.0;
				PRODUCT_BUNDLE_IDENTIFIER = "ITI.E-commerceTests";
				PRODUCT_NAME = "$(TARGET_NAME)";
				SWIFT_EMIT_LOC_STRINGS = NO;
				SWIFT_VERSION = 5.0;
				TARGETED_DEVICE_FAMILY = "1,2";
				TEST_HOST = "$(BUILT_PRODUCTS_DIR)/E-commerce.app/$(BUNDLE_EXECUTABLE_FOLDER_PATH)/E-commerce";
			};
			name = Debug;
		};
		229EFA932DE35A10006F0D77 /* Release */ = {
			isa = XCBuildConfiguration;
			buildSettings = {
				BUNDLE_LOADER = "$(TEST_HOST)";
				CODE_SIGN_STYLE = Automatic;
				CURRENT_PROJECT_VERSION = 1;
				GENERATE_INFOPLIST_FILE = YES;
				IPHONEOS_DEPLOYMENT_TARGET = 16.2;
				MARKETING_VERSION = 1.0;
				PRODUCT_BUNDLE_IDENTIFIER = "ITI.E-commerceTests";
				PRODUCT_NAME = "$(TARGET_NAME)";
				SWIFT_EMIT_LOC_STRINGS = NO;
				SWIFT_VERSION = 5.0;
				TARGETED_DEVICE_FAMILY = "1,2";
				TEST_HOST = "$(BUILT_PRODUCTS_DIR)/E-commerce.app/$(BUNDLE_EXECUTABLE_FOLDER_PATH)/E-commerce";
			};
			name = Release;
		};
		229EFA952DE35A10006F0D77 /* Debug */ = {
			isa = XCBuildConfiguration;
			buildSettings = {
				CODE_SIGN_STYLE = Automatic;
				CURRENT_PROJECT_VERSION = 1;
				GENERATE_INFOPLIST_FILE = YES;
				MARKETING_VERSION = 1.0;
				PRODUCT_BUNDLE_IDENTIFIER = "ITI.E-commerceUITests";
				PRODUCT_NAME = "$(TARGET_NAME)";
				SWIFT_EMIT_LOC_STRINGS = NO;
				SWIFT_VERSION = 5.0;
				TARGETED_DEVICE_FAMILY = "1,2";
				TEST_TARGET_NAME = "E-commerce";
			};
			name = Debug;
		};
		229EFA962DE35A10006F0D77 /* Release */ = {
			isa = XCBuildConfiguration;
			buildSettings = {
				CODE_SIGN_STYLE = Automatic;
				CURRENT_PROJECT_VERSION = 1;
				GENERATE_INFOPLIST_FILE = YES;
				MARKETING_VERSION = 1.0;
				PRODUCT_BUNDLE_IDENTIFIER = "ITI.E-commerceUITests";
				PRODUCT_NAME = "$(TARGET_NAME)";
				SWIFT_EMIT_LOC_STRINGS = NO;
				SWIFT_VERSION = 5.0;
				TARGETED_DEVICE_FAMILY = "1,2";
				TEST_TARGET_NAME = "E-commerce";
			};
			name = Release;
		};
/* End XCBuildConfiguration section */

/* Begin XCConfigurationList section */
		229EFA652DE35A0C006F0D77 /* Build configuration list for PBXProject "E-commerce" */ = {
			isa = XCConfigurationList;
			buildConfigurations = (
				229EFA8C2DE35A10006F0D77 /* Debug */,
				229EFA8D2DE35A10006F0D77 /* Release */,
			);
			defaultConfigurationIsVisible = 0;
			defaultConfigurationName = Release;
		};
		229EFA8E2DE35A10006F0D77 /* Build configuration list for PBXNativeTarget "E-commerce" */ = {
			isa = XCConfigurationList;
			buildConfigurations = (
				229EFA8F2DE35A10006F0D77 /* Debug */,
				229EFA902DE35A10006F0D77 /* Release */,
			);
			defaultConfigurationIsVisible = 0;
			defaultConfigurationName = Release;
		};
		229EFA912DE35A10006F0D77 /* Build configuration list for PBXNativeTarget "E-commerceTests" */ = {
			isa = XCConfigurationList;
			buildConfigurations = (
				229EFA922DE35A10006F0D77 /* Debug */,
				229EFA932DE35A10006F0D77 /* Release */,
			);
			defaultConfigurationIsVisible = 0;
			defaultConfigurationName = Release;
		};
		229EFA942DE35A10006F0D77 /* Build configuration list for PBXNativeTarget "E-commerceUITests" */ = {
			isa = XCConfigurationList;
			buildConfigurations = (
				229EFA952DE35A10006F0D77 /* Debug */,
				229EFA962DE35A10006F0D77 /* Release */,
			);
			defaultConfigurationIsVisible = 0;
			defaultConfigurationName = Release;
		};
/* End XCConfigurationList section */

/* Begin XCRemoteSwiftPackageReference section */
		E159DF112DF9E6040048DDEB /* XCRemoteSwiftPackageReference "firebase-ios-sdk" */ = {
			isa = XCRemoteSwiftPackageReference;
			repositoryURL = "https://github.com/firebase/firebase-ios-sdk.git";
			requirement = {
				kind = upToNextMajorVersion;
				minimumVersion = 11.14.0;
			};
		};
		E159DF122DF9E6330048DDEB /* XCRemoteSwiftPackageReference "paypalcheckout-ios" */ = {
			isa = XCRemoteSwiftPackageReference;
			repositoryURL = "https://github.com/paypal/paypalcheckout-ios";
			requirement = {
				kind = upToNextMajorVersion;
				minimumVersion = 1.3.0;
			};
		};
		E159DF132DF9E6400048DDEB /* XCRemoteSwiftPackageReference "paypal-ios" */ = {
			isa = XCRemoteSwiftPackageReference;
			repositoryURL = "https://github.com/paypal/paypal-ios.git";
			requirement = {
				kind = upToNextMajorVersion;
				minimumVersion = 2.0.0;
			};
		};
		E159DF142DF9E64E0048DDEB /* XCRemoteSwiftPackageReference "WalletPassGenerator" */ = {
			isa = XCRemoteSwiftPackageReference;
			repositoryURL = "https://github.com/ljw980105/WalletPassGenerator.git";
			requirement = {
				kind = upToNextMajorVersion;
				minimumVersion = 1.0.0;
			};
		};
		E159DF152DF9E65C0048DDEB /* XCRemoteSwiftPackageReference "Alamofire" */ = {
			isa = XCRemoteSwiftPackageReference;
			repositoryURL = "https://github.com/Alamofire/Alamofire.git";
			requirement = {
				kind = upToNextMajorVersion;
				minimumVersion = 5.10.2;
			};
		};
		E159DF162DF9E66B0048DDEB /* XCRemoteSwiftPackageReference "Kingfisher" */ = {
			isa = XCRemoteSwiftPackageReference;
			repositoryURL = "https://github.com/onevcat/Kingfisher.git";
			requirement = {
				kind = upToNextMajorVersion;
				minimumVersion = 8.3.2;
			};
		};
		E159DF172DF9E6770048DDEB /* XCRemoteSwiftPackageReference "Reachability" */ = {
			isa = XCRemoteSwiftPackageReference;
			repositoryURL = "https://github.com/ashleymills/Reachability.swift";
			requirement = {
				branch = master;
				kind = branch;
			};
		};
		E1FFCD662DFFFFA0007B3641 /* XCRemoteSwiftPackageReference "GoogleSignIn-iOS" */ = {
			isa = XCRemoteSwiftPackageReference;
			repositoryURL = "https://github.com/google/GoogleSignIn-iOS";
			requirement = {
				kind = upToNextMajorVersion;
				minimumVersion = 8.0.0;
			};
		};
/* End XCRemoteSwiftPackageReference section */

/* Begin XCSwiftPackageProductDependency section */
		E159DF182DF9E6DE0048DDEB /* FirebaseAuth */ = {
			isa = XCSwiftPackageProductDependency;
			package = E159DF112DF9E6040048DDEB /* XCRemoteSwiftPackageReference "firebase-ios-sdk" */;
			productName = FirebaseAuth;
		};
		E159DF1A2DF9E6E30048DDEB /* FirebaseCore */ = {
			isa = XCSwiftPackageProductDependency;
			package = E159DF112DF9E6040048DDEB /* XCRemoteSwiftPackageReference "firebase-ios-sdk" */;
			productName = FirebaseCore;
		};
		E159DF1C2DF9E6EC0048DDEB /* Kingfisher */ = {
			isa = XCSwiftPackageProductDependency;
			package = E159DF162DF9E66B0048DDEB /* XCRemoteSwiftPackageReference "Kingfisher" */;
			productName = Kingfisher;
		};
		E159DF1E2DF9E6F30048DDEB /* PayPalCheckout */ = {
			isa = XCSwiftPackageProductDependency;
			package = E159DF122DF9E6330048DDEB /* XCRemoteSwiftPackageReference "paypalcheckout-ios" */;
			productName = PayPalCheckout;
		};
		E159DF202DF9E6F80048DDEB /* PayPalWebPayments */ = {
			isa = XCSwiftPackageProductDependency;
			package = E159DF132DF9E6400048DDEB /* XCRemoteSwiftPackageReference "paypal-ios" */;
			productName = PayPalWebPayments;
		};
		E159DF222DF9E7360048DDEB /* Alamofire */ = {
			isa = XCSwiftPackageProductDependency;
			package = E159DF152DF9E65C0048DDEB /* XCRemoteSwiftPackageReference "Alamofire" */;
			productName = Alamofire;
		};
		E159DF242DF9E73E0048DDEB /* Reachability */ = {
			isa = XCSwiftPackageProductDependency;
			package = E159DF172DF9E6770048DDEB /* XCRemoteSwiftPackageReference "Reachability" */;
			productName = Reachability;
		};
		E1E6A9082DFC3B4100026EE1 /* GoogleSignIn */ = {
			isa = XCSwiftPackageProductDependency;
			productName = GoogleSignIn;
		};
		E1E6A90A2DFC3B4100026EE1 /* GoogleSignInSwift */ = {
			isa = XCSwiftPackageProductDependency;
			productName = GoogleSignInSwift;
		};
		E1FFCD672DFFFFE1007B3641 /* FirebaseFirestore */ = {
			isa = XCSwiftPackageProductDependency;
			package = E159DF112DF9E6040048DDEB /* XCRemoteSwiftPackageReference "firebase-ios-sdk" */;
			productName = FirebaseFirestore;
		};
		E1FFCD692E00004B007B3641 /* FirebaseFirestoreCombine-Community */ = {
			isa = XCSwiftPackageProductDependency;
			package = E159DF112DF9E6040048DDEB /* XCRemoteSwiftPackageReference "firebase-ios-sdk" */;
			productName = "FirebaseFirestoreCombine-Community";
		};
/* End XCSwiftPackageProductDependency section */

/* Begin XCVersionGroup section */
		22FC15B62DF0CFCD000FD95C /* FavoritesModel.xcdatamodeld */ = {
			isa = XCVersionGroup;
			children = (
				22FC15B72DF0CFCD000FD95C /* FavoritesModel.xcdatamodel */,
			);
			currentVersion = 22FC15B72DF0CFCD000FD95C /* FavoritesModel.xcdatamodel */;
			path = FavoritesModel.xcdatamodeld;
			sourceTree = "<group>";
			versionGroupType = wrapper.xcdatamodel;
		};
/* End XCVersionGroup section */
	};
	rootObject = 229EFA622DE35A0C006F0D77 /* Project object */;
}
